// !$*UTF8*$!
{
	archiveVersion = 1;
	classes = {
	};
	objectVersion = 48;
	objects = {

/* Begin PBXBuildFile section */
		1A25FAA0E1E8DCD46B6D9B72 /* Pods_VirtualNurse.framework in Frameworks */ = {isa = PBXBuildFile; fileRef = 64A45DFAECE5C072917E3BA8 /* Pods_VirtualNurse.framework */; };
		1D2280F72018442B00AB75BD /* HomeDashboardCollectionViewCell.swift in Sources */ = {isa = PBXBuildFile; fileRef = 1D2280F62018442B00AB75BD /* HomeDashboardCollectionViewCell.swift */; };
		1D9222C820183C71003461D8 /* HealthKit.framework in Frameworks */ = {isa = PBXBuildFile; fileRef = 1D9222C720183C71003461D8 /* HealthKit.framework */; };
		1DDC6BA4201F99270010A16B /* MonitoringChartsViewController.swift in Sources */ = {isa = PBXBuildFile; fileRef = 1DDC6BA3201F99270010A16B /* MonitoringChartsViewController.swift */; };
		1DDC6BA6201F9A290010A16B /* MonitoringChartsCollectionViewCell.swift in Sources */ = {isa = PBXBuildFile; fileRef = 1DDC6BA5201F9A290010A16B /* MonitoringChartsCollectionViewCell.swift */; };
		1DDC6BA8201FA7EA0010A16B /* LineChart.swift in Sources */ = {isa = PBXBuildFile; fileRef = 1DDC6BA7201FA7EA0010A16B /* LineChart.swift */; };
		2521209120059FAF0048F66B /* Dialog.swift in Sources */ = {isa = PBXBuildFile; fileRef = 2521209020059FAF0048F66B /* Dialog.swift */; };
		252120952005AE970048F66B /* AppointmentDialog.swift in Sources */ = {isa = PBXBuildFile; fileRef = 252120942005AE970048F66B /* AppointmentDialog.swift */; };
		254881F31FF4E1DF00B73C40 /* SpeechToTextHelper.swift in Sources */ = {isa = PBXBuildFile; fileRef = 254881F21FF4E1DF00B73C40 /* SpeechToTextHelper.swift */; };
		254D38CC2002174A00B2B991 /* DesignableFloatingChatButton.swift in Sources */ = {isa = PBXBuildFile; fileRef = 254D38CB2002174A00B2B991 /* DesignableFloatingChatButton.swift */; };
		254D38CE2002249D00B2B991 /* FDSoundActivatedRecorder.swift in Sources */ = {isa = PBXBuildFile; fileRef = 254D38CD2002249D00B2B991 /* FDSoundActivatedRecorder.swift */; };
		256B3E5A201E0449001FCF73 /* MicButtonStyles.swift in Sources */ = {isa = PBXBuildFile; fileRef = 256B3E59201E0449001FCF73 /* MicButtonStyles.swift */; };
		256B3E5C201E1FDE001FCF73 /* ConversationStack.swift in Sources */ = {isa = PBXBuildFile; fileRef = 256B3E5B201E1FDE001FCF73 /* ConversationStack.swift */; };
		25725CA91FFE48C20006ACB2 /* PatientDialog.swift in Sources */ = {isa = PBXBuildFile; fileRef = 25725CA81FFE48C20006ACB2 /* PatientDialog.swift */; };
		25725CAB1FFE4C820006ACB2 /* DialogController.swift in Sources */ = {isa = PBXBuildFile; fileRef = 25725CAA1FFE4C820006ACB2 /* DialogController.swift */; };
		2587DB631FF2386800FB3C23 /* ChatViewController.swift in Sources */ = {isa = PBXBuildFile; fileRef = 2587DB621FF2386800FB3C23 /* ChatViewController.swift */; };
		2587DB691FF260F800FB3C23 /* MicButton.swift in Sources */ = {isa = PBXBuildFile; fileRef = 2587DB681FF260F800FB3C23 /* MicButton.swift */; };
		2587DB6B1FF29C0300FB3C23 /* ChatNavigationViewController.swift in Sources */ = {isa = PBXBuildFile; fileRef = 2587DB6A1FF29C0300FB3C23 /* ChatNavigationViewController.swift */; };
		25A58EE82014D84D0084BDBB /* KeychainPasswordItem.swift in Sources */ = {isa = PBXBuildFile; fileRef = 25A58EE72014D84D0084BDBB /* KeychainPasswordItem.swift */; };
		25A58EEA2014D87F0084BDBB /* TouchIDAuthentication.swift in Sources */ = {isa = PBXBuildFile; fileRef = 25A58EE92014D87F0084BDBB /* TouchIDAuthentication.swift */; };
		25A58EEC2015979E0084BDBB /* TextFieldEffects.swift in Sources */ = {isa = PBXBuildFile; fileRef = 25A58EEB2015979E0084BDBB /* TextFieldEffects.swift */; };
		25A58EEE201597C80084BDBB /* LoginTextFieldEffect.swift in Sources */ = {isa = PBXBuildFile; fileRef = 25A58EED201597C80084BDBB /* LoginTextFieldEffect.swift */; };
		25A979982018B18500120006 /* MicrosoftTranslatorHelper.swift in Sources */ = {isa = PBXBuildFile; fileRef = 25A979972018B18500120006 /* MicrosoftTranslatorHelper.swift */; };
		25B007712020532700D9A253 /* PromptChatView.swift in Sources */ = {isa = PBXBuildFile; fileRef = 25B007702020532700D9A253 /* PromptChatView.swift */; };
		25B007742020672900D9A253 /* MonitoringDialog.swift in Sources */ = {isa = PBXBuildFile; fileRef = 25B007732020672900D9A253 /* MonitoringDialog.swift */; };
		25B007762020673700D9A253 /* MedicationDialog.swift in Sources */ = {isa = PBXBuildFile; fileRef = 25B007752020673700D9A253 /* MedicationDialog.swift */; };
		25B00778202071F700D9A253 /* Entity.swift in Sources */ = {isa = PBXBuildFile; fileRef = 25B00777202071F700D9A253 /* Entity.swift */; };
		25D2F6DA1FED01640075ACBD /* VNStoryboard.storyboard in Resources */ = {isa = PBXBuildFile; fileRef = 25D2F6D91FED01640075ACBD /* VNStoryboard.storyboard */; };
		25D3F0AA201EFA0E0036EE3D /* ErrorDialog.swift in Sources */ = {isa = PBXBuildFile; fileRef = 25D3F0A9201EFA0E0036EE3D /* ErrorDialog.swift */; };
		25E2BF79201A191700D9A587 /* ChatSettingsViewController.swift in Sources */ = {isa = PBXBuildFile; fileRef = 25E2BF78201A191700D9A587 /* ChatSettingsViewController.swift */; };
		25F9A10920020B7300A98511 /* DesignableLoginField.swift in Sources */ = {isa = PBXBuildFile; fileRef = 25F9A10820020B7300A98511 /* DesignableLoginField.swift */; };
		25FE9C3E1FEA5FDE00437BD6 /* AppDelegate.swift in Sources */ = {isa = PBXBuildFile; fileRef = 25FE9C3D1FEA5FDE00437BD6 /* AppDelegate.swift */; };
		25FE9C431FEA5FDE00437BD6 /* Main.storyboard in Resources */ = {isa = PBXBuildFile; fileRef = 25FE9C411FEA5FDE00437BD6 /* Main.storyboard */; };
		25FE9C451FEA5FDE00437BD6 /* Assets.xcassets in Resources */ = {isa = PBXBuildFile; fileRef = 25FE9C441FEA5FDE00437BD6 /* Assets.xcassets */; };
		25FE9C481FEA5FDE00437BD6 /* LaunchScreen.storyboard in Resources */ = {isa = PBXBuildFile; fileRef = 25FE9C461FEA5FDE00437BD6 /* LaunchScreen.storyboard */; };
		25FE9C531FEA5FDE00437BD6 /* VirtualNurseTests.swift in Sources */ = {isa = PBXBuildFile; fileRef = 25FE9C521FEA5FDE00437BD6 /* VirtualNurseTests.swift */; };
		25FE9C5E1FEA5FDE00437BD6 /* VirtualNurseUITests.swift in Sources */ = {isa = PBXBuildFile; fileRef = 25FE9C5D1FEA5FDE00437BD6 /* VirtualNurseUITests.swift */; };
		25FE9C7A1FEA604D00437BD6 /* Intent.swift in Sources */ = {isa = PBXBuildFile; fileRef = 25FE9C6F1FEA604C00437BD6 /* Intent.swift */; };
		25FE9C7B1FEA604D00437BD6 /* SwiftyJSON.swift in Sources */ = {isa = PBXBuildFile; fileRef = 25FE9C711FEA604C00437BD6 /* SwiftyJSON.swift */; };
		25FE9C7C1FEA604D00437BD6 /* HTTP.swift in Sources */ = {isa = PBXBuildFile; fileRef = 25FE9C721FEA604C00437BD6 /* HTTP.swift */; };
		25FE9C841FEA6C6800437BD6 /* LoginViewController.swift in Sources */ = {isa = PBXBuildFile; fileRef = 25FE9C831FEA6C6800437BD6 /* LoginViewController.swift */; };
		25FE9C871FEA704800437BD6 /* HomeDashboard.storyboard in Resources */ = {isa = PBXBuildFile; fileRef = 25FE9C861FEA704800437BD6 /* HomeDashboard.storyboard */; };
		25FE9C891FEA706A00437BD6 /* HomeDashboardViewController.swift in Sources */ = {isa = PBXBuildFile; fileRef = 25FE9C881FEA706A00437BD6 /* HomeDashboardViewController.swift */; };
		5B37646020185CD400069BAF /* medicineDetailController.swift in Sources */ = {isa = PBXBuildFile; fileRef = 5B37642620185CD300069BAF /* medicineDetailController.swift */; };
		5B37646120185CD400069BAF /* MedicineViewController.swift in Sources */ = {isa = PBXBuildFile; fileRef = 5B37642720185CD300069BAF /* MedicineViewController.swift */; };
		5B37646320185CD400069BAF /* CustomVisionService.swift in Sources */ = {isa = PBXBuildFile; fileRef = 5B37642A20185CD300069BAF /* CustomVisionService.swift */; };
		5B37646420185CD400069BAF /* CustomVisionDetails.rtf in Resources */ = {isa = PBXBuildFile; fileRef = 5B37642B20185CD300069BAF /* CustomVisionDetails.rtf */; };
		5B37646520185CD400069BAF /* CustomVisionResult.swift in Sources */ = {isa = PBXBuildFile; fileRef = 5B37642C20185CD300069BAF /* CustomVisionResult.swift */; };
		5B37646620185CD400069BAF /* ScanVC.swift in Sources */ = {isa = PBXBuildFile; fileRef = 5B37642D20185CD300069BAF /* ScanVC.swift */; };
		5B37646820185CD400069BAF /* ViewTodayResultsCollectionViewCell.swift in Sources */ = {isa = PBXBuildFile; fileRef = 5B37643120185CD300069BAF /* ViewTodayResultsCollectionViewCell.swift */; };
		5B37646920185CD400069BAF /* MonitoringCollectionViewCell.swift in Sources */ = {isa = PBXBuildFile; fileRef = 5B37643220185CD300069BAF /* MonitoringCollectionViewCell.swift */; };
		5B37646A20185CD400069BAF /* MonitoringViewController.swift in Sources */ = {isa = PBXBuildFile; fileRef = 5B37643320185CD300069BAF /* MonitoringViewController.swift */; };
		5B37646B20185CD400069BAF /* MonitoringDashboardViewController.swift in Sources */ = {isa = PBXBuildFile; fileRef = 5B37643520185CD300069BAF /* MonitoringDashboardViewController.swift */; };
		5B37646C20185CD400069BAF /* MonitoringDashboardCollectionViewCell.swift in Sources */ = {isa = PBXBuildFile; fileRef = 5B37643620185CD300069BAF /* MonitoringDashboardCollectionViewCell.swift */; };
		5B37646D20185CD400069BAF /* helperClass.swift in Sources */ = {isa = PBXBuildFile; fileRef = 5B37643820185CD300069BAF /* helperClass.swift */; };
		5B37646E20185CD400069BAF /* framingham.mlmodel in Sources */ = {isa = PBXBuildFile; fileRef = 5B37643920185CD300069BAF /* framingham.mlmodel */; };
		5B37646F20185CD400069BAF /* MonitoringController.swift in Sources */ = {isa = PBXBuildFile; fileRef = 5B37643A20185CD300069BAF /* MonitoringController.swift */; };
		5B37647020185CD400069BAF /* MonitoringStoryboard.storyboard in Resources */ = {isa = PBXBuildFile; fileRef = 5B37643B20185CD300069BAF /* MonitoringStoryboard.storyboard */; };
		5B37647120185CD400069BAF /* ViewTodayResultsViewController.swift in Sources */ = {isa = PBXBuildFile; fileRef = 5B37643C20185CD300069BAF /* ViewTodayResultsViewController.swift */; };
		5B37647220185CD400069BAF /* BMIViewController.swift in Sources */ = {isa = PBXBuildFile; fileRef = 5B37643E20185CD300069BAF /* BMIViewController.swift */; };
		5B37647320185CD400069BAF /* CholesterolViewController.swift in Sources */ = {isa = PBXBuildFile; fileRef = 5B37643F20185CD300069BAF /* CholesterolViewController.swift */; };
		5B37647420185CD400069BAF /* CigaretteViewController.swift in Sources */ = {isa = PBXBuildFile; fileRef = 5B37644020185CD300069BAF /* CigaretteViewController.swift */; };
		5B37647520185CD400069BAF /* BloodPressureViewController.swift in Sources */ = {isa = PBXBuildFile; fileRef = 5B37644120185CD300069BAF /* BloodPressureViewController.swift */; };
		5B37647620185CD400069BAF /* HeartRateViewController.swift in Sources */ = {isa = PBXBuildFile; fileRef = 5B37644220185CD300069BAF /* HeartRateViewController.swift */; };
		5B37647720185CD400069BAF /* GlucoseViewController.swift in Sources */ = {isa = PBXBuildFile; fileRef = 5B37644320185CD300069BAF /* GlucoseViewController.swift */; };
		5B37648820185D3200069BAF /* RestfulManager.swift in Sources */ = {isa = PBXBuildFile; fileRef = 5B37647920185D3200069BAF /* RestfulManager.swift */; };
		5B37648920185D3200069BAF /* UserDataManager.swift in Sources */ = {isa = PBXBuildFile; fileRef = 5B37647A20185D3200069BAF /* UserDataManager.swift */; };
		5B37648A20185D3200069BAF /* MonitoringDataManager.swift in Sources */ = {isa = PBXBuildFile; fileRef = 5B37647B20185D3200069BAF /* MonitoringDataManager.swift */; };
		5B37648B20185D3200069BAF /* PatientDataManager.swift in Sources */ = {isa = PBXBuildFile; fileRef = 5B37647C20185D3200069BAF /* PatientDataManager.swift */; };
		5B37648C20185D3200069BAF /* MedicineDataManager.swift in Sources */ = {isa = PBXBuildFile; fileRef = 5B37647D20185D3200069BAF /* MedicineDataManager.swift */; };
		5B37648D20185D3200069BAF /* AppointmentDataManager.swift in Sources */ = {isa = PBXBuildFile; fileRef = 5B37647E20185D3200069BAF /* AppointmentDataManager.swift */; };
		5B37648E20185D3200069BAF /* LUISDataManager.swift in Sources */ = {isa = PBXBuildFile; fileRef = 5B37647F20185D3200069BAF /* LUISDataManager.swift */; };
		5B37648F20185D3200069BAF /* MedicineModel.swift in Sources */ = {isa = PBXBuildFile; fileRef = 5B37648120185D3200069BAF /* MedicineModel.swift */; };
		5B37649020185D3200069BAF /* AppointmentModel.swift in Sources */ = {isa = PBXBuildFile; fileRef = 5B37648220185D3200069BAF /* AppointmentModel.swift */; };
		5B37649120185D3200069BAF /* Patient.swift in Sources */ = {isa = PBXBuildFile; fileRef = 5B37648320185D3200069BAF /* Patient.swift */; };
		5B37649220185D3200069BAF /* DoctorModel.swift in Sources */ = {isa = PBXBuildFile; fileRef = 5B37648420185D3200069BAF /* DoctorModel.swift */; };
		5B37649320185D3200069BAF /* User.swift in Sources */ = {isa = PBXBuildFile; fileRef = 5B37648520185D3200069BAF /* User.swift */; };
		5B37649420185D3200069BAF /* MockMessage.swift in Sources */ = {isa = PBXBuildFile; fileRef = 5B37648620185D3200069BAF /* MockMessage.swift */; };
		5B37649520185D3200069BAF /* Monitoring.swift in Sources */ = {isa = PBXBuildFile; fileRef = 5B37648720185D3200069BAF /* Monitoring.swift */; };
		5B412F7E2021A5DD0001C3F7 /* ReminderModel.swift in Sources */ = {isa = PBXBuildFile; fileRef = 5B412F7D2021A5DD0001C3F7 /* ReminderModel.swift */; };
		5B412F802021A7470001C3F7 /* LoadingIndicatorView copy.swift in Sources */ = {isa = PBXBuildFile; fileRef = 5B412F7F2021A7470001C3F7 /* LoadingIndicatorView copy.swift */; };
		5B412F842021A7BD0001C3F7 /* reminderCustomCell.swift in Sources */ = {isa = PBXBuildFile; fileRef = 5B412F812021A7BC0001C3F7 /* reminderCustomCell.swift */; };
		5B412F852021A7BD0001C3F7 /* reminderViewTableViewController.swift in Sources */ = {isa = PBXBuildFile; fileRef = 5B412F822021A7BC0001C3F7 /* reminderViewTableViewController.swift */; };
		5B412F862021A7BD0001C3F7 /* reminderDetailVC.swift in Sources */ = {isa = PBXBuildFile; fileRef = 5B412F832021A7BD0001C3F7 /* reminderDetailVC.swift */; };
		5B412F882021A8270001C3F7 /* MedicationStoryboard.storyboard in Resources */ = {isa = PBXBuildFile; fileRef = 5B412F872021A8270001C3F7 /* MedicationStoryboard.storyboard */; };
		5B412F992021D3DB0001C3F7 /* CreateAppointmentViewController.swift in Sources */ = {isa = PBXBuildFile; fileRef = 5B412F8B2021D3DB0001C3F7 /* CreateAppointmentViewController.swift */; };
		5B412F9A2021D3DB0001C3F7 /* UpdateAppointmentViewController.swift in Sources */ = {isa = PBXBuildFile; fileRef = 5B412F8C2021D3DB0001C3F7 /* UpdateAppointmentViewController.swift */; };
		5B412F9B2021D3DB0001C3F7 /* ViewAppointmentStoryboard.storyboard in Resources */ = {isa = PBXBuildFile; fileRef = 5B412F8D2021D3DB0001C3F7 /* ViewAppointmentStoryboard.storyboard */; };
		5B412F9C2021D3DB0001C3F7 /* Appointment.swift in Sources */ = {isa = PBXBuildFile; fileRef = 5B412F8E2021D3DB0001C3F7 /* Appointment.swift */; };
		5B412F9D2021D3DB0001C3F7 /* ViewAppointmentCollectionViewCell.swift in Sources */ = {isa = PBXBuildFile; fileRef = 5B412F8F2021D3DB0001C3F7 /* ViewAppointmentCollectionViewCell.swift */; };
		5B412F9E2021D3DB0001C3F7 /* ViewAppointmentViewController.swift in Sources */ = {isa = PBXBuildFile; fileRef = 5B412F902021D3DB0001C3F7 /* ViewAppointmentViewController.swift */; };
		5B412F9F2021D3DB0001C3F7 /* CreateCollectionViewCell.swift in Sources */ = {isa = PBXBuildFile; fileRef = 5B412F912021D3DB0001C3F7 /* CreateCollectionViewCell.swift */; };
		5B412FA02021D3DB0001C3F7 /* doctorViewController.swift in Sources */ = {isa = PBXBuildFile; fileRef = 5B412F922021D3DB0001C3F7 /* doctorViewController.swift */; };
		5B412FA12021D3DB0001C3F7 /* BridgingHeader.m in Sources */ = {isa = PBXBuildFile; fileRef = 5B412F932021D3DB0001C3F7 /* BridgingHeader.m */; };
		5B412FA22021D3DB0001C3F7 /* CreateAppointmentStoryboard.storyboard in Resources */ = {isa = PBXBuildFile; fileRef = 5B412F942021D3DB0001C3F7 /* CreateAppointmentStoryboard.storyboard */; };
		5B412FA32021D3DB0001C3F7 /* showAppointmentDetailsViewController.swift in Sources */ = {isa = PBXBuildFile; fileRef = 5B412F962021D3DB0001C3F7 /* showAppointmentDetailsViewController.swift */; };
		5B412FA42021D3DB0001C3F7 /* modelPopupDesign.swift in Sources */ = {isa = PBXBuildFile; fileRef = 5B412F972021D3DB0001C3F7 /* modelPopupDesign.swift */; };
		5B412FA52021D3DB0001C3F7 /* showUpdateAppointmentDetailsViewController.swift in Sources */ = {isa = PBXBuildFile; fileRef = 5B412F982021D3DB0001C3F7 /* showUpdateAppointmentDetailsViewController.swift */; };
/* End PBXBuildFile section */

/* Begin PBXContainerItemProxy section */
		25FE9C4F1FEA5FDE00437BD6 /* PBXContainerItemProxy */ = {
			isa = PBXContainerItemProxy;
			containerPortal = 25FE9C321FEA5FDE00437BD6 /* Project object */;
			proxyType = 1;
			remoteGlobalIDString = 25FE9C391FEA5FDE00437BD6;
			remoteInfo = VirtualNurse;
		};
		25FE9C5A1FEA5FDE00437BD6 /* PBXContainerItemProxy */ = {
			isa = PBXContainerItemProxy;
			containerPortal = 25FE9C321FEA5FDE00437BD6 /* Project object */;
			proxyType = 1;
			remoteGlobalIDString = 25FE9C391FEA5FDE00437BD6;
			remoteInfo = VirtualNurse;
		};
/* End PBXContainerItemProxy section */

/* Begin PBXFileReference section */
		05EC101D574FE10F1C0565D9 /* Pods-VirtualNurseUITests.debug.xcconfig */ = {isa = PBXFileReference; includeInIndex = 1; lastKnownFileType = text.xcconfig; name = "Pods-VirtualNurseUITests.debug.xcconfig"; path = "Pods/Target Support Files/Pods-VirtualNurseUITests/Pods-VirtualNurseUITests.debug.xcconfig"; sourceTree = "<group>"; };
		1D2280F62018442B00AB75BD /* HomeDashboardCollectionViewCell.swift */ = {isa = PBXFileReference; lastKnownFileType = sourcecode.swift; path = HomeDashboardCollectionViewCell.swift; sourceTree = "<group>"; };
		1D9222C620183C71003461D8 /* VirtualNurse.entitlements */ = {isa = PBXFileReference; lastKnownFileType = text.plist.entitlements; path = VirtualNurse.entitlements; sourceTree = "<group>"; };
		1D9222C720183C71003461D8 /* HealthKit.framework */ = {isa = PBXFileReference; lastKnownFileType = wrapper.framework; name = HealthKit.framework; path = System/Library/Frameworks/HealthKit.framework; sourceTree = SDKROOT; };
		1DDC6BA3201F99270010A16B /* MonitoringChartsViewController.swift */ = {isa = PBXFileReference; lastKnownFileType = sourcecode.swift; path = MonitoringChartsViewController.swift; sourceTree = "<group>"; };
		1DDC6BA5201F9A290010A16B /* MonitoringChartsCollectionViewCell.swift */ = {isa = PBXFileReference; lastKnownFileType = sourcecode.swift; path = MonitoringChartsCollectionViewCell.swift; sourceTree = "<group>"; };
		1DDC6BA7201FA7EA0010A16B /* LineChart.swift */ = {isa = PBXFileReference; fileEncoding = 4; lastKnownFileType = sourcecode.swift; path = LineChart.swift; sourceTree = "<group>"; };
		2521209020059FAF0048F66B /* Dialog.swift */ = {isa = PBXFileReference; lastKnownFileType = sourcecode.swift; path = Dialog.swift; sourceTree = "<group>"; };
		252120942005AE970048F66B /* AppointmentDialog.swift */ = {isa = PBXFileReference; lastKnownFileType = sourcecode.swift; path = AppointmentDialog.swift; sourceTree = "<group>"; };
		254881F21FF4E1DF00B73C40 /* SpeechToTextHelper.swift */ = {isa = PBXFileReference; lastKnownFileType = sourcecode.swift; path = SpeechToTextHelper.swift; sourceTree = "<group>"; };
		254D38CB2002174A00B2B991 /* DesignableFloatingChatButton.swift */ = {isa = PBXFileReference; lastKnownFileType = sourcecode.swift; path = DesignableFloatingChatButton.swift; sourceTree = "<group>"; };
		254D38CD2002249D00B2B991 /* FDSoundActivatedRecorder.swift */ = {isa = PBXFileReference; lastKnownFileType = sourcecode.swift; path = FDSoundActivatedRecorder.swift; sourceTree = "<group>"; };
		256B3E59201E0449001FCF73 /* MicButtonStyles.swift */ = {isa = PBXFileReference; lastKnownFileType = sourcecode.swift; path = MicButtonStyles.swift; sourceTree = "<group>"; };
		256B3E5B201E1FDE001FCF73 /* ConversationStack.swift */ = {isa = PBXFileReference; lastKnownFileType = sourcecode.swift; path = ConversationStack.swift; sourceTree = "<group>"; };
		25725CA81FFE48C20006ACB2 /* PatientDialog.swift */ = {isa = PBXFileReference; lastKnownFileType = sourcecode.swift; path = PatientDialog.swift; sourceTree = "<group>"; };
		25725CAA1FFE4C820006ACB2 /* DialogController.swift */ = {isa = PBXFileReference; lastKnownFileType = sourcecode.swift; path = DialogController.swift; sourceTree = "<group>"; };
		2587DB621FF2386800FB3C23 /* ChatViewController.swift */ = {isa = PBXFileReference; lastKnownFileType = sourcecode.swift; path = ChatViewController.swift; sourceTree = "<group>"; };
		2587DB681FF260F800FB3C23 /* MicButton.swift */ = {isa = PBXFileReference; lastKnownFileType = sourcecode.swift; path = MicButton.swift; sourceTree = "<group>"; };
		2587DB6A1FF29C0300FB3C23 /* ChatNavigationViewController.swift */ = {isa = PBXFileReference; lastKnownFileType = sourcecode.swift; path = ChatNavigationViewController.swift; sourceTree = "<group>"; };
		25A58EE72014D84D0084BDBB /* KeychainPasswordItem.swift */ = {isa = PBXFileReference; lastKnownFileType = sourcecode.swift; path = KeychainPasswordItem.swift; sourceTree = "<group>"; };
		25A58EE92014D87F0084BDBB /* TouchIDAuthentication.swift */ = {isa = PBXFileReference; lastKnownFileType = sourcecode.swift; path = TouchIDAuthentication.swift; sourceTree = "<group>"; };
		25A58EEB2015979E0084BDBB /* TextFieldEffects.swift */ = {isa = PBXFileReference; lastKnownFileType = sourcecode.swift; path = TextFieldEffects.swift; sourceTree = "<group>"; };
		25A58EED201597C80084BDBB /* LoginTextFieldEffect.swift */ = {isa = PBXFileReference; lastKnownFileType = sourcecode.swift; path = LoginTextFieldEffect.swift; sourceTree = "<group>"; };
		25A979972018B18500120006 /* MicrosoftTranslatorHelper.swift */ = {isa = PBXFileReference; lastKnownFileType = sourcecode.swift; path = MicrosoftTranslatorHelper.swift; sourceTree = "<group>"; };
		25B007702020532700D9A253 /* PromptChatView.swift */ = {isa = PBXFileReference; lastKnownFileType = sourcecode.swift; path = PromptChatView.swift; sourceTree = "<group>"; };
		25B007732020672900D9A253 /* MonitoringDialog.swift */ = {isa = PBXFileReference; lastKnownFileType = sourcecode.swift; path = MonitoringDialog.swift; sourceTree = "<group>"; };
		25B007752020673700D9A253 /* MedicationDialog.swift */ = {isa = PBXFileReference; lastKnownFileType = sourcecode.swift; path = MedicationDialog.swift; sourceTree = "<group>"; };
		25B00777202071F700D9A253 /* Entity.swift */ = {isa = PBXFileReference; lastKnownFileType = sourcecode.swift; path = Entity.swift; sourceTree = "<group>"; };
		25D2F6D91FED01640075ACBD /* VNStoryboard.storyboard */ = {isa = PBXFileReference; lastKnownFileType = file.storyboard; path = VNStoryboard.storyboard; sourceTree = "<group>"; };
		25D3F0A9201EFA0E0036EE3D /* ErrorDialog.swift */ = {isa = PBXFileReference; lastKnownFileType = sourcecode.swift; path = ErrorDialog.swift; sourceTree = "<group>"; };
		25E2BF78201A191700D9A587 /* ChatSettingsViewController.swift */ = {isa = PBXFileReference; lastKnownFileType = sourcecode.swift; path = ChatSettingsViewController.swift; sourceTree = "<group>"; };
		25F9A10820020B7300A98511 /* DesignableLoginField.swift */ = {isa = PBXFileReference; lastKnownFileType = sourcecode.swift; path = DesignableLoginField.swift; sourceTree = "<group>"; };
		25FE9C3A1FEA5FDE00437BD6 /* VirtualNurse.app */ = {isa = PBXFileReference; explicitFileType = wrapper.application; includeInIndex = 0; path = VirtualNurse.app; sourceTree = BUILT_PRODUCTS_DIR; };
		25FE9C3D1FEA5FDE00437BD6 /* AppDelegate.swift */ = {isa = PBXFileReference; lastKnownFileType = sourcecode.swift; path = AppDelegate.swift; sourceTree = "<group>"; };
		25FE9C421FEA5FDE00437BD6 /* Base */ = {isa = PBXFileReference; lastKnownFileType = file.storyboard; name = Base; path = Base.lproj/Main.storyboard; sourceTree = "<group>"; };
		25FE9C441FEA5FDE00437BD6 /* Assets.xcassets */ = {isa = PBXFileReference; lastKnownFileType = folder.assetcatalog; path = Assets.xcassets; sourceTree = "<group>"; };
		25FE9C471FEA5FDE00437BD6 /* Base */ = {isa = PBXFileReference; lastKnownFileType = file.storyboard; name = Base; path = Base.lproj/LaunchScreen.storyboard; sourceTree = "<group>"; };
		25FE9C491FEA5FDE00437BD6 /* Info.plist */ = {isa = PBXFileReference; lastKnownFileType = text.plist.xml; path = Info.plist; sourceTree = "<group>"; };
		25FE9C4E1FEA5FDE00437BD6 /* VirtualNurseTests.xctest */ = {isa = PBXFileReference; explicitFileType = wrapper.cfbundle; includeInIndex = 0; path = VirtualNurseTests.xctest; sourceTree = BUILT_PRODUCTS_DIR; };
		25FE9C521FEA5FDE00437BD6 /* VirtualNurseTests.swift */ = {isa = PBXFileReference; lastKnownFileType = sourcecode.swift; path = VirtualNurseTests.swift; sourceTree = "<group>"; };
		25FE9C541FEA5FDE00437BD6 /* Info.plist */ = {isa = PBXFileReference; lastKnownFileType = text.plist.xml; path = Info.plist; sourceTree = "<group>"; };
		25FE9C591FEA5FDE00437BD6 /* VirtualNurseUITests.xctest */ = {isa = PBXFileReference; explicitFileType = wrapper.cfbundle; includeInIndex = 0; path = VirtualNurseUITests.xctest; sourceTree = BUILT_PRODUCTS_DIR; };
		25FE9C5D1FEA5FDE00437BD6 /* VirtualNurseUITests.swift */ = {isa = PBXFileReference; lastKnownFileType = sourcecode.swift; path = VirtualNurseUITests.swift; sourceTree = "<group>"; };
		25FE9C5F1FEA5FDE00437BD6 /* Info.plist */ = {isa = PBXFileReference; lastKnownFileType = text.plist.xml; path = Info.plist; sourceTree = "<group>"; };
		25FE9C6F1FEA604C00437BD6 /* Intent.swift */ = {isa = PBXFileReference; fileEncoding = 4; lastKnownFileType = sourcecode.swift; path = Intent.swift; sourceTree = "<group>"; };
		25FE9C711FEA604C00437BD6 /* SwiftyJSON.swift */ = {isa = PBXFileReference; fileEncoding = 4; lastKnownFileType = sourcecode.swift; path = SwiftyJSON.swift; sourceTree = "<group>"; };
		25FE9C721FEA604C00437BD6 /* HTTP.swift */ = {isa = PBXFileReference; fileEncoding = 4; lastKnownFileType = sourcecode.swift; path = HTTP.swift; sourceTree = "<group>"; };
		25FE9C831FEA6C6800437BD6 /* LoginViewController.swift */ = {isa = PBXFileReference; lastKnownFileType = sourcecode.swift; path = LoginViewController.swift; sourceTree = "<group>"; };
		25FE9C861FEA704800437BD6 /* HomeDashboard.storyboard */ = {isa = PBXFileReference; lastKnownFileType = file.storyboard; path = HomeDashboard.storyboard; sourceTree = "<group>"; };
		25FE9C881FEA706A00437BD6 /* HomeDashboardViewController.swift */ = {isa = PBXFileReference; lastKnownFileType = sourcecode.swift; path = HomeDashboardViewController.swift; sourceTree = "<group>"; };
		38981DAED48FE0AEEAC0DB9A /* Pods-VirtualNurse.debug.xcconfig */ = {isa = PBXFileReference; includeInIndex = 1; lastKnownFileType = text.xcconfig; name = "Pods-VirtualNurse.debug.xcconfig"; path = "Pods/Target Support Files/Pods-VirtualNurse/Pods-VirtualNurse.debug.xcconfig"; sourceTree = "<group>"; };
		5B37642620185CD300069BAF /* medicineDetailController.swift */ = {isa = PBXFileReference; fileEncoding = 4; lastKnownFileType = sourcecode.swift; path = medicineDetailController.swift; sourceTree = "<group>"; };
		5B37642720185CD300069BAF /* MedicineViewController.swift */ = {isa = PBXFileReference; fileEncoding = 4; lastKnownFileType = sourcecode.swift; path = MedicineViewController.swift; sourceTree = "<group>"; };
		5B37642A20185CD300069BAF /* CustomVisionService.swift */ = {isa = PBXFileReference; fileEncoding = 4; lastKnownFileType = sourcecode.swift; path = CustomVisionService.swift; sourceTree = "<group>"; };
		5B37642B20185CD300069BAF /* CustomVisionDetails.rtf */ = {isa = PBXFileReference; fileEncoding = 4; lastKnownFileType = text.rtf; path = CustomVisionDetails.rtf; sourceTree = "<group>"; };
		5B37642C20185CD300069BAF /* CustomVisionResult.swift */ = {isa = PBXFileReference; fileEncoding = 4; lastKnownFileType = sourcecode.swift; path = CustomVisionResult.swift; sourceTree = "<group>"; };
		5B37642D20185CD300069BAF /* ScanVC.swift */ = {isa = PBXFileReference; fileEncoding = 4; lastKnownFileType = sourcecode.swift; path = ScanVC.swift; sourceTree = "<group>"; };
		5B37643120185CD300069BAF /* ViewTodayResultsCollectionViewCell.swift */ = {isa = PBXFileReference; fileEncoding = 4; lastKnownFileType = sourcecode.swift; path = ViewTodayResultsCollectionViewCell.swift; sourceTree = "<group>"; };
		5B37643220185CD300069BAF /* MonitoringCollectionViewCell.swift */ = {isa = PBXFileReference; fileEncoding = 4; lastKnownFileType = sourcecode.swift; path = MonitoringCollectionViewCell.swift; sourceTree = "<group>"; };
		5B37643320185CD300069BAF /* MonitoringViewController.swift */ = {isa = PBXFileReference; fileEncoding = 4; lastKnownFileType = sourcecode.swift; path = MonitoringViewController.swift; sourceTree = "<group>"; };
		5B37643520185CD300069BAF /* MonitoringDashboardViewController.swift */ = {isa = PBXFileReference; fileEncoding = 4; lastKnownFileType = sourcecode.swift; path = MonitoringDashboardViewController.swift; sourceTree = "<group>"; };
		5B37643620185CD300069BAF /* MonitoringDashboardCollectionViewCell.swift */ = {isa = PBXFileReference; fileEncoding = 4; lastKnownFileType = sourcecode.swift; path = MonitoringDashboardCollectionViewCell.swift; sourceTree = "<group>"; };
		5B37643820185CD300069BAF /* helperClass.swift */ = {isa = PBXFileReference; fileEncoding = 4; lastKnownFileType = sourcecode.swift; path = helperClass.swift; sourceTree = "<group>"; };
		5B37643920185CD300069BAF /* framingham.mlmodel */ = {isa = PBXFileReference; lastKnownFileType = file.mlmodel; path = framingham.mlmodel; sourceTree = "<group>"; };
		5B37643A20185CD300069BAF /* MonitoringController.swift */ = {isa = PBXFileReference; fileEncoding = 4; lastKnownFileType = sourcecode.swift; path = MonitoringController.swift; sourceTree = "<group>"; };
		5B37643B20185CD300069BAF /* MonitoringStoryboard.storyboard */ = {isa = PBXFileReference; fileEncoding = 4; lastKnownFileType = file.storyboard; path = MonitoringStoryboard.storyboard; sourceTree = "<group>"; };
		5B37643C20185CD300069BAF /* ViewTodayResultsViewController.swift */ = {isa = PBXFileReference; fileEncoding = 4; lastKnownFileType = sourcecode.swift; path = ViewTodayResultsViewController.swift; sourceTree = "<group>"; };
		5B37643E20185CD300069BAF /* BMIViewController.swift */ = {isa = PBXFileReference; fileEncoding = 4; lastKnownFileType = sourcecode.swift; path = BMIViewController.swift; sourceTree = "<group>"; };
		5B37643F20185CD300069BAF /* CholesterolViewController.swift */ = {isa = PBXFileReference; fileEncoding = 4; lastKnownFileType = sourcecode.swift; path = CholesterolViewController.swift; sourceTree = "<group>"; };
		5B37644020185CD300069BAF /* CigaretteViewController.swift */ = {isa = PBXFileReference; fileEncoding = 4; lastKnownFileType = sourcecode.swift; path = CigaretteViewController.swift; sourceTree = "<group>"; };
		5B37644120185CD300069BAF /* BloodPressureViewController.swift */ = {isa = PBXFileReference; fileEncoding = 4; lastKnownFileType = sourcecode.swift; path = BloodPressureViewController.swift; sourceTree = "<group>"; };
		5B37644220185CD300069BAF /* HeartRateViewController.swift */ = {isa = PBXFileReference; fileEncoding = 4; lastKnownFileType = sourcecode.swift; path = HeartRateViewController.swift; sourceTree = "<group>"; };
		5B37644320185CD300069BAF /* GlucoseViewController.swift */ = {isa = PBXFileReference; fileEncoding = 4; lastKnownFileType = sourcecode.swift; path = GlucoseViewController.swift; sourceTree = "<group>"; };
		5B37647920185D3200069BAF /* RestfulManager.swift */ = {isa = PBXFileReference; fileEncoding = 4; lastKnownFileType = sourcecode.swift; path = RestfulManager.swift; sourceTree = "<group>"; };
		5B37647A20185D3200069BAF /* UserDataManager.swift */ = {isa = PBXFileReference; fileEncoding = 4; lastKnownFileType = sourcecode.swift; path = UserDataManager.swift; sourceTree = "<group>"; };
		5B37647B20185D3200069BAF /* MonitoringDataManager.swift */ = {isa = PBXFileReference; fileEncoding = 4; lastKnownFileType = sourcecode.swift; path = MonitoringDataManager.swift; sourceTree = "<group>"; };
		5B37647C20185D3200069BAF /* PatientDataManager.swift */ = {isa = PBXFileReference; fileEncoding = 4; lastKnownFileType = sourcecode.swift; path = PatientDataManager.swift; sourceTree = "<group>"; };
		5B37647D20185D3200069BAF /* MedicineDataManager.swift */ = {isa = PBXFileReference; fileEncoding = 4; lastKnownFileType = sourcecode.swift; path = MedicineDataManager.swift; sourceTree = "<group>"; };
		5B37647E20185D3200069BAF /* AppointmentDataManager.swift */ = {isa = PBXFileReference; fileEncoding = 4; lastKnownFileType = sourcecode.swift; path = AppointmentDataManager.swift; sourceTree = "<group>"; };
		5B37647F20185D3200069BAF /* LUISDataManager.swift */ = {isa = PBXFileReference; fileEncoding = 4; lastKnownFileType = sourcecode.swift; path = LUISDataManager.swift; sourceTree = "<group>"; };
		5B37648120185D3200069BAF /* MedicineModel.swift */ = {isa = PBXFileReference; fileEncoding = 4; lastKnownFileType = sourcecode.swift; path = MedicineModel.swift; sourceTree = "<group>"; };
		5B37648220185D3200069BAF /* AppointmentModel.swift */ = {isa = PBXFileReference; fileEncoding = 4; lastKnownFileType = sourcecode.swift; path = AppointmentModel.swift; sourceTree = "<group>"; };
		5B37648320185D3200069BAF /* Patient.swift */ = {isa = PBXFileReference; fileEncoding = 4; lastKnownFileType = sourcecode.swift; path = Patient.swift; sourceTree = "<group>"; };
		5B37648420185D3200069BAF /* DoctorModel.swift */ = {isa = PBXFileReference; fileEncoding = 4; lastKnownFileType = sourcecode.swift; path = DoctorModel.swift; sourceTree = "<group>"; };
		5B37648520185D3200069BAF /* User.swift */ = {isa = PBXFileReference; fileEncoding = 4; lastKnownFileType = sourcecode.swift; path = User.swift; sourceTree = "<group>"; };
		5B37648620185D3200069BAF /* MockMessage.swift */ = {isa = PBXFileReference; fileEncoding = 4; lastKnownFileType = sourcecode.swift; path = MockMessage.swift; sourceTree = "<group>"; };
		5B37648720185D3200069BAF /* Monitoring.swift */ = {isa = PBXFileReference; fileEncoding = 4; lastKnownFileType = sourcecode.swift; path = Monitoring.swift; sourceTree = "<group>"; };
		5B412F7D2021A5DD0001C3F7 /* ReminderModel.swift */ = {isa = PBXFileReference; fileEncoding = 4; lastKnownFileType = sourcecode.swift; path = ReminderModel.swift; sourceTree = "<group>"; };
		5B412F7F2021A7470001C3F7 /* LoadingIndicatorView copy.swift */ = {isa = PBXFileReference; fileEncoding = 4; lastKnownFileType = sourcecode.swift; path = "LoadingIndicatorView copy.swift"; sourceTree = "<group>"; };
		5B412F812021A7BC0001C3F7 /* reminderCustomCell.swift */ = {isa = PBXFileReference; fileEncoding = 4; lastKnownFileType = sourcecode.swift; path = reminderCustomCell.swift; sourceTree = "<group>"; };
		5B412F822021A7BC0001C3F7 /* reminderViewTableViewController.swift */ = {isa = PBXFileReference; fileEncoding = 4; lastKnownFileType = sourcecode.swift; path = reminderViewTableViewController.swift; sourceTree = "<group>"; };
		5B412F832021A7BD0001C3F7 /* reminderDetailVC.swift */ = {isa = PBXFileReference; fileEncoding = 4; lastKnownFileType = sourcecode.swift; path = reminderDetailVC.swift; sourceTree = "<group>"; };
		5B412F872021A8270001C3F7 /* MedicationStoryboard.storyboard */ = {isa = PBXFileReference; fileEncoding = 4; lastKnownFileType = file.storyboard; path = MedicationStoryboard.storyboard; sourceTree = "<group>"; };
		5B412F8A2021D3DB0001C3F7 /* BridgingHeader.h */ = {isa = PBXFileReference; fileEncoding = 4; lastKnownFileType = sourcecode.c.h; path = BridgingHeader.h; sourceTree = "<group>"; };
		5B412F8B2021D3DB0001C3F7 /* CreateAppointmentViewController.swift */ = {isa = PBXFileReference; fileEncoding = 4; lastKnownFileType = sourcecode.swift; path = CreateAppointmentViewController.swift; sourceTree = "<group>"; };
		5B412F8C2021D3DB0001C3F7 /* UpdateAppointmentViewController.swift */ = {isa = PBXFileReference; fileEncoding = 4; lastKnownFileType = sourcecode.swift; path = UpdateAppointmentViewController.swift; sourceTree = "<group>"; };
		5B412F8D2021D3DB0001C3F7 /* ViewAppointmentStoryboard.storyboard */ = {isa = PBXFileReference; fileEncoding = 4; lastKnownFileType = file.storyboard; path = ViewAppointmentStoryboard.storyboard; sourceTree = "<group>"; };
		5B412F8E2021D3DB0001C3F7 /* Appointment.swift */ = {isa = PBXFileReference; fileEncoding = 4; lastKnownFileType = sourcecode.swift; path = Appointment.swift; sourceTree = "<group>"; };
		5B412F8F2021D3DB0001C3F7 /* ViewAppointmentCollectionViewCell.swift */ = {isa = PBXFileReference; fileEncoding = 4; lastKnownFileType = sourcecode.swift; path = ViewAppointmentCollectionViewCell.swift; sourceTree = "<group>"; };
		5B412F902021D3DB0001C3F7 /* ViewAppointmentViewController.swift */ = {isa = PBXFileReference; fileEncoding = 4; lastKnownFileType = sourcecode.swift; path = ViewAppointmentViewController.swift; sourceTree = "<group>"; };
		5B412F912021D3DB0001C3F7 /* CreateCollectionViewCell.swift */ = {isa = PBXFileReference; fileEncoding = 4; lastKnownFileType = sourcecode.swift; path = CreateCollectionViewCell.swift; sourceTree = "<group>"; };
		5B412F922021D3DB0001C3F7 /* doctorViewController.swift */ = {isa = PBXFileReference; fileEncoding = 4; lastKnownFileType = sourcecode.swift; path = doctorViewController.swift; sourceTree = "<group>"; };
		5B412F932021D3DB0001C3F7 /* BridgingHeader.m */ = {isa = PBXFileReference; fileEncoding = 4; lastKnownFileType = sourcecode.c.objc; path = BridgingHeader.m; sourceTree = "<group>"; };
		5B412F942021D3DB0001C3F7 /* CreateAppointmentStoryboard.storyboard */ = {isa = PBXFileReference; fileEncoding = 4; lastKnownFileType = file.storyboard; path = CreateAppointmentStoryboard.storyboard; sourceTree = "<group>"; };
		5B412F952021D3DB0001C3F7 /* VirtualNurse-Bridging-Header.h */ = {isa = PBXFileReference; fileEncoding = 4; lastKnownFileType = sourcecode.c.h; path = "VirtualNurse-Bridging-Header.h"; sourceTree = "<group>"; };
		5B412F962021D3DB0001C3F7 /* showAppointmentDetailsViewController.swift */ = {isa = PBXFileReference; fileEncoding = 4; lastKnownFileType = sourcecode.swift; path = showAppointmentDetailsViewController.swift; sourceTree = "<group>"; };
		5B412F972021D3DB0001C3F7 /* modelPopupDesign.swift */ = {isa = PBXFileReference; fileEncoding = 4; lastKnownFileType = sourcecode.swift; path = modelPopupDesign.swift; sourceTree = "<group>"; };
		5B412F982021D3DB0001C3F7 /* showUpdateAppointmentDetailsViewController.swift */ = {isa = PBXFileReference; fileEncoding = 4; lastKnownFileType = sourcecode.swift; path = showUpdateAppointmentDetailsViewController.swift; sourceTree = "<group>"; };
		64A45DFAECE5C072917E3BA8 /* Pods_VirtualNurse.framework */ = {isa = PBXFileReference; explicitFileType = wrapper.framework; includeInIndex = 0; path = Pods_VirtualNurse.framework; sourceTree = BUILT_PRODUCTS_DIR; };
		A34399E8B651217DC992D609 /* Pods-VirtualNurseTests.release.xcconfig */ = {isa = PBXFileReference; includeInIndex = 1; lastKnownFileType = text.xcconfig; name = "Pods-VirtualNurseTests.release.xcconfig"; path = "Pods/Target Support Files/Pods-VirtualNurseTests/Pods-VirtualNurseTests.release.xcconfig"; sourceTree = "<group>"; };
		B47553265F57198EB41746F7 /* Pods-VirtualNurseTests.debug.xcconfig */ = {isa = PBXFileReference; includeInIndex = 1; lastKnownFileType = text.xcconfig; name = "Pods-VirtualNurseTests.debug.xcconfig"; path = "Pods/Target Support Files/Pods-VirtualNurseTests/Pods-VirtualNurseTests.debug.xcconfig"; sourceTree = "<group>"; };
		D9652F0A6B84970B7448641D /* Pods-VirtualNurse.release.xcconfig */ = {isa = PBXFileReference; includeInIndex = 1; lastKnownFileType = text.xcconfig; name = "Pods-VirtualNurse.release.xcconfig"; path = "Pods/Target Support Files/Pods-VirtualNurse/Pods-VirtualNurse.release.xcconfig"; sourceTree = "<group>"; };
		E397B68CFC51C3B7D64A0A97 /* Pods-VirtualNurseUITests.release.xcconfig */ = {isa = PBXFileReference; includeInIndex = 1; lastKnownFileType = text.xcconfig; name = "Pods-VirtualNurseUITests.release.xcconfig"; path = "Pods/Target Support Files/Pods-VirtualNurseUITests/Pods-VirtualNurseUITests.release.xcconfig"; sourceTree = "<group>"; };
/* End PBXFileReference section */

/* Begin PBXFrameworksBuildPhase section */
		25FE9C371FEA5FDE00437BD6 /* Frameworks */ = {
			isa = PBXFrameworksBuildPhase;
			buildActionMask = 2147483647;
			files = (
				1A25FAA0E1E8DCD46B6D9B72 /* Pods_VirtualNurse.framework in Frameworks */,
				1D9222C820183C71003461D8 /* HealthKit.framework in Frameworks */,
			);
			runOnlyForDeploymentPostprocessing = 0;
		};
		25FE9C4B1FEA5FDE00437BD6 /* Frameworks */ = {
			isa = PBXFrameworksBuildPhase;
			buildActionMask = 2147483647;
			files = (
			);
			runOnlyForDeploymentPostprocessing = 0;
		};
		25FE9C561FEA5FDE00437BD6 /* Frameworks */ = {
			isa = PBXFrameworksBuildPhase;
			buildActionMask = 2147483647;
			files = (
			);
			runOnlyForDeploymentPostprocessing = 0;
		};
/* End PBXFrameworksBuildPhase section */

/* Begin PBXGroup section */
		254881F51FF64F0C00B73C40 /* Cognitive Service */ = {
			isa = PBXGroup;
			children = (
				254881F21FF4E1DF00B73C40 /* SpeechToTextHelper.swift */,
				254D38CD2002249D00B2B991 /* FDSoundActivatedRecorder.swift */,
				25A979972018B18500120006 /* MicrosoftTranslatorHelper.swift */,
			);
			path = "Cognitive Service";
			sourceTree = "<group>";
		};
		256749D4201825CE00F4A325 /* Styles */ = {
			isa = PBXGroup;
			children = (
				2587DB681FF260F800FB3C23 /* MicButton.swift */,
				254D38CB2002174A00B2B991 /* DesignableFloatingChatButton.swift */,
				25F9A10820020B7300A98511 /* DesignableLoginField.swift */,
				25A58EEB2015979E0084BDBB /* TextFieldEffects.swift */,
				25A58EED201597C80084BDBB /* LoginTextFieldEffect.swift */,
				256B3E59201E0449001FCF73 /* MicButtonStyles.swift */,
				25B007702020532700D9A253 /* PromptChatView.swift */,
			);
			path = Styles;
			sourceTree = "<group>";
		};
		25725CA51FFE486F0006ACB2 /* Intent & Dialog */ = {
			isa = PBXGroup;
			children = (
				25FE9C6F1FEA604C00437BD6 /* Intent.swift */,
				2521209020059FAF0048F66B /* Dialog.swift */,
				25725CA81FFE48C20006ACB2 /* PatientDialog.swift */,
				252120942005AE970048F66B /* AppointmentDialog.swift */,
				25B007732020672900D9A253 /* MonitoringDialog.swift */,
				25B007752020673700D9A253 /* MedicationDialog.swift */,
				25D3F0A9201EFA0E0036EE3D /* ErrorDialog.swift */,
				25B00777202071F700D9A253 /* Entity.swift */,
			);
			path = "Intent & Dialog";
			sourceTree = "<group>";
		};
		25A58EE62014D8320084BDBB /* Utils */ = {
			isa = PBXGroup;
			children = (
				25A58EE72014D84D0084BDBB /* KeychainPasswordItem.swift */,
				25A58EE92014D87F0084BDBB /* TouchIDAuthentication.swift */,
			);
			path = Utils;
			sourceTree = "<group>";
		};
		25FE9C311FEA5FDE00437BD6 = {
			isa = PBXGroup;
			children = (
				25FE9C3C1FEA5FDE00437BD6 /* VirtualNurse */,
				25FE9C511FEA5FDE00437BD6 /* VirtualNurseTests */,
				25FE9C5C1FEA5FDE00437BD6 /* VirtualNurseUITests */,
				25FE9C3B1FEA5FDE00437BD6 /* Products */,
				728CCC3488450B8C63E1BBFF /* Pods */,
				5192024299E8ADBDCE9EF6BB /* Frameworks */,
				73A120E02018568E00F87318 /* Recovered References */,
			);
			sourceTree = "<group>";
		};
		25FE9C3B1FEA5FDE00437BD6 /* Products */ = {
			isa = PBXGroup;
			children = (
				25FE9C3A1FEA5FDE00437BD6 /* VirtualNurse.app */,
				25FE9C4E1FEA5FDE00437BD6 /* VirtualNurseTests.xctest */,
				25FE9C591FEA5FDE00437BD6 /* VirtualNurseUITests.xctest */,
			);
			name = Products;
			sourceTree = "<group>";
		};
		25FE9C3C1FEA5FDE00437BD6 /* VirtualNurse */ = {
			isa = PBXGroup;
			children = (
				1D9222C620183C71003461D8 /* VirtualNurse.entitlements */,
				25FE9C731FEA604D00437BD6 /* Login */,
				25FE9C851FEA702300437BD6 /* Home Dashboard */,
				25FE9C6C1FEA604C00437BD6 /* Virtual Nurse */,
				5B37642520185CD300069BAF /* Medication */,
				5B412F892021D3DB0001C3F7 /* Virtual Appointment */,
				5B37642F20185CD300069BAF /* Monitoring */,
				25FE9C701FEA604C00437BD6 /* HTTP */,
				5B37647820185D3200069BAF /* Data Managers */,
				5B37648020185D3200069BAF /* Models */,
				256749D4201825CE00F4A325 /* Styles */,
				25FE9C3D1FEA5FDE00437BD6 /* AppDelegate.swift */,
				25FE9C441FEA5FDE00437BD6 /* Assets.xcassets */,
				25FE9C461FEA5FDE00437BD6 /* LaunchScreen.storyboard */,
				25FE9C491FEA5FDE00437BD6 /* Info.plist */,
			);
			path = VirtualNurse;
			sourceTree = "<group>";
		};
		25FE9C511FEA5FDE00437BD6 /* VirtualNurseTests */ = {
			isa = PBXGroup;
			children = (
				25FE9C521FEA5FDE00437BD6 /* VirtualNurseTests.swift */,
				25FE9C541FEA5FDE00437BD6 /* Info.plist */,
			);
			path = VirtualNurseTests;
			sourceTree = "<group>";
		};
		25FE9C5C1FEA5FDE00437BD6 /* VirtualNurseUITests */ = {
			isa = PBXGroup;
			children = (
				25FE9C5D1FEA5FDE00437BD6 /* VirtualNurseUITests.swift */,
				25FE9C5F1FEA5FDE00437BD6 /* Info.plist */,
			);
			path = VirtualNurseUITests;
			sourceTree = "<group>";
		};
		25FE9C6C1FEA604C00437BD6 /* Virtual Nurse */ = {
			isa = PBXGroup;
			children = (
				25D2F6D91FED01640075ACBD /* VNStoryboard.storyboard */,
				2587DB6A1FF29C0300FB3C23 /* ChatNavigationViewController.swift */,
				2587DB621FF2386800FB3C23 /* ChatViewController.swift */,
				25725CAA1FFE4C820006ACB2 /* DialogController.swift */,
				25E2BF78201A191700D9A587 /* ChatSettingsViewController.swift */,
				256B3E5B201E1FDE001FCF73 /* ConversationStack.swift */,
				25725CA51FFE486F0006ACB2 /* Intent & Dialog */,
				254881F51FF64F0C00B73C40 /* Cognitive Service */,
			);
			path = "Virtual Nurse";
			sourceTree = "<group>";
		};
		25FE9C701FEA604C00437BD6 /* HTTP */ = {
			isa = PBXGroup;
			children = (
				25FE9C711FEA604C00437BD6 /* SwiftyJSON.swift */,
				25FE9C721FEA604C00437BD6 /* HTTP.swift */,
			);
			path = HTTP;
			sourceTree = "<group>";
		};
		25FE9C731FEA604D00437BD6 /* Login */ = {
			isa = PBXGroup;
			children = (
				25FE9C411FEA5FDE00437BD6 /* Main.storyboard */,
				25FE9C831FEA6C6800437BD6 /* LoginViewController.swift */,
				25A58EE62014D8320084BDBB /* Utils */,
			);
			path = Login;
			sourceTree = "<group>";
		};
		25FE9C851FEA702300437BD6 /* Home Dashboard */ = {
			isa = PBXGroup;
			children = (
				25FE9C861FEA704800437BD6 /* HomeDashboard.storyboard */,
				25FE9C881FEA706A00437BD6 /* HomeDashboardViewController.swift */,
				1D2280F62018442B00AB75BD /* HomeDashboardCollectionViewCell.swift */,
			);
			path = "Home Dashboard";
			sourceTree = "<group>";
		};
		5192024299E8ADBDCE9EF6BB /* Frameworks */ = {
			isa = PBXGroup;
			children = (
				1D9222C720183C71003461D8 /* HealthKit.framework */,
				64A45DFAECE5C072917E3BA8 /* Pods_VirtualNurse.framework */,
			);
			name = Frameworks;
			sourceTree = "<group>";
		};
		5B37642520185CD300069BAF /* Medication */ = {
			isa = PBXGroup;
			children = (
				5B412F7F2021A7470001C3F7 /* LoadingIndicatorView copy.swift */,
				5B412F812021A7BC0001C3F7 /* reminderCustomCell.swift */,
				5B412F832021A7BD0001C3F7 /* reminderDetailVC.swift */,
				5B412F822021A7BC0001C3F7 /* reminderViewTableViewController.swift */,
				5B37642620185CD300069BAF /* medicineDetailController.swift */,
				5B37642720185CD300069BAF /* MedicineViewController.swift */,
				5B37642920185CD300069BAF /* CustomVIsion */,
				5B37642D20185CD300069BAF /* ScanVC.swift */,
				5B412F872021A8270001C3F7 /* MedicationStoryboard.storyboard */,
			);
			name = Medication;
			path = VirtualNurse/Medication;
			sourceTree = SOURCE_ROOT;
		};
		5B37642920185CD300069BAF /* CustomVIsion */ = {
			isa = PBXGroup;
			children = (
				5B37642A20185CD300069BAF /* CustomVisionService.swift */,
				5B37642B20185CD300069BAF /* CustomVisionDetails.rtf */,
				5B37642C20185CD300069BAF /* CustomVisionResult.swift */,
			);
			path = CustomVIsion;
			sourceTree = "<group>";
		};
		5B37642F20185CD300069BAF /* Monitoring */ = {
			isa = PBXGroup;
			children = (
				1DDC6BA7201FA7EA0010A16B /* LineChart.swift */,
				5B37643020185CD300069BAF /* Collection View */,
				5B37643320185CD300069BAF /* MonitoringViewController.swift */,
				5B37643420185CD300069BAF /* Monitoring Dashboard */,
				5B37643720185CD300069BAF /* Utils */,
				5B37643A20185CD300069BAF /* MonitoringController.swift */,
				5B37643B20185CD300069BAF /* MonitoringStoryboard.storyboard */,
				5B37643C20185CD300069BAF /* ViewTodayResultsViewController.swift */,
				5B37643D20185CD300069BAF /* Monitoring VC */,
				1DDC6BA3201F99270010A16B /* MonitoringChartsViewController.swift */,
				1DDC6BA5201F9A290010A16B /* MonitoringChartsCollectionViewCell.swift */,
			);
			name = Monitoring;
			path = VirtualNurse/Monitoring;
			sourceTree = SOURCE_ROOT;
		};
		5B37643020185CD300069BAF /* Collection View */ = {
			isa = PBXGroup;
			children = (
				5B37643120185CD300069BAF /* ViewTodayResultsCollectionViewCell.swift */,
				5B37643220185CD300069BAF /* MonitoringCollectionViewCell.swift */,
			);
			path = "Collection View";
			sourceTree = "<group>";
		};
		5B37643420185CD300069BAF /* Monitoring Dashboard */ = {
			isa = PBXGroup;
			children = (
				5B37643520185CD300069BAF /* MonitoringDashboardViewController.swift */,
				5B37643620185CD300069BAF /* MonitoringDashboardCollectionViewCell.swift */,
			);
			path = "Monitoring Dashboard";
			sourceTree = "<group>";
		};
		5B37643720185CD300069BAF /* Utils */ = {
			isa = PBXGroup;
			children = (
				5B37643820185CD300069BAF /* helperClass.swift */,
				5B37643920185CD300069BAF /* framingham.mlmodel */,
			);
			path = Utils;
			sourceTree = "<group>";
		};
		5B37643D20185CD300069BAF /* Monitoring VC */ = {
			isa = PBXGroup;
			children = (
				5B37643E20185CD300069BAF /* BMIViewController.swift */,
				5B37643F20185CD300069BAF /* CholesterolViewController.swift */,
				5B37644020185CD300069BAF /* CigaretteViewController.swift */,
				5B37644120185CD300069BAF /* BloodPressureViewController.swift */,
				5B37644220185CD300069BAF /* HeartRateViewController.swift */,
				5B37644320185CD300069BAF /* GlucoseViewController.swift */,
			);
			path = "Monitoring VC";
			sourceTree = "<group>";
		};
		5B37647820185D3200069BAF /* Data Managers */ = {
			isa = PBXGroup;
			children = (
				5B37647920185D3200069BAF /* RestfulManager.swift */,
				5B37647A20185D3200069BAF /* UserDataManager.swift */,
				5B37647B20185D3200069BAF /* MonitoringDataManager.swift */,
				5B37647C20185D3200069BAF /* PatientDataManager.swift */,
				5B37647D20185D3200069BAF /* MedicineDataManager.swift */,
				5B37647E20185D3200069BAF /* AppointmentDataManager.swift */,
				5B37647F20185D3200069BAF /* LUISDataManager.swift */,
			);
			path = "Data Managers";
			sourceTree = "<group>";
		};
		5B37648020185D3200069BAF /* Models */ = {
			isa = PBXGroup;
			children = (
				5B412F7D2021A5DD0001C3F7 /* ReminderModel.swift */,
				5B37648120185D3200069BAF /* MedicineModel.swift */,
				5B37648220185D3200069BAF /* AppointmentModel.swift */,
				5B37648320185D3200069BAF /* Patient.swift */,
				5B37648420185D3200069BAF /* DoctorModel.swift */,
				5B37648520185D3200069BAF /* User.swift */,
				5B37648620185D3200069BAF /* MockMessage.swift */,
				5B37648720185D3200069BAF /* Monitoring.swift */,
			);
			path = Models;
			sourceTree = "<group>";
		};
		5B412F892021D3DB0001C3F7 /* Virtual Appointment */ = {
			isa = PBXGroup;
			children = (
				5B412F8A2021D3DB0001C3F7 /* BridgingHeader.h */,
				5B412F8B2021D3DB0001C3F7 /* CreateAppointmentViewController.swift */,
				5B412F8C2021D3DB0001C3F7 /* UpdateAppointmentViewController.swift */,
				5B412F8D2021D3DB0001C3F7 /* ViewAppointmentStoryboard.storyboard */,
				5B412F8E2021D3DB0001C3F7 /* Appointment.swift */,
				5B412F8F2021D3DB0001C3F7 /* ViewAppointmentCollectionViewCell.swift */,
				5B412F902021D3DB0001C3F7 /* ViewAppointmentViewController.swift */,
				5B412F912021D3DB0001C3F7 /* CreateCollectionViewCell.swift */,
				5B412F922021D3DB0001C3F7 /* doctorViewController.swift */,
				5B412F932021D3DB0001C3F7 /* BridgingHeader.m */,
				5B412F942021D3DB0001C3F7 /* CreateAppointmentStoryboard.storyboard */,
				5B412F952021D3DB0001C3F7 /* VirtualNurse-Bridging-Header.h */,
				5B412F962021D3DB0001C3F7 /* showAppointmentDetailsViewController.swift */,
				5B412F972021D3DB0001C3F7 /* modelPopupDesign.swift */,
				5B412F982021D3DB0001C3F7 /* showUpdateAppointmentDetailsViewController.swift */,
			);
			path = "Virtual Appointment";
			sourceTree = "<group>";
		};
		728CCC3488450B8C63E1BBFF /* Pods */ = {
			isa = PBXGroup;
			children = (
				38981DAED48FE0AEEAC0DB9A /* Pods-VirtualNurse.debug.xcconfig */,
				D9652F0A6B84970B7448641D /* Pods-VirtualNurse.release.xcconfig */,
				B47553265F57198EB41746F7 /* Pods-VirtualNurseTests.debug.xcconfig */,
				A34399E8B651217DC992D609 /* Pods-VirtualNurseTests.release.xcconfig */,
				05EC101D574FE10F1C0565D9 /* Pods-VirtualNurseUITests.debug.xcconfig */,
				E397B68CFC51C3B7D64A0A97 /* Pods-VirtualNurseUITests.release.xcconfig */,
			);
			name = Pods;
			sourceTree = "<group>";
		};
		73A120E02018568E00F87318 /* Recovered References */ = {
			isa = PBXGroup;
			children = (
			);
			name = "Recovered References";
			sourceTree = "<group>";
		};
/* End PBXGroup section */

/* Begin PBXNativeTarget section */
		25FE9C391FEA5FDE00437BD6 /* VirtualNurse */ = {
			isa = PBXNativeTarget;
			buildConfigurationList = 25FE9C621FEA5FDE00437BD6 /* Build configuration list for PBXNativeTarget "VirtualNurse" */;
			buildPhases = (
				9C64E1CB485FA26D660299C3 /* [CP] Check Pods Manifest.lock */,
				25FE9C361FEA5FDE00437BD6 /* Sources */,
				25FE9C371FEA5FDE00437BD6 /* Frameworks */,
				25FE9C381FEA5FDE00437BD6 /* Resources */,
				781D3CDEE46B9FEDE7CCEE69 /* [CP] Embed Pods Frameworks */,
				6F5B64D89FE6DB783300E1E2 /* [CP] Copy Pods Resources */,
			);
			buildRules = (
			);
			dependencies = (
			);
			name = VirtualNurse;
			productName = VirtualNurse;
			productReference = 25FE9C3A1FEA5FDE00437BD6 /* VirtualNurse.app */;
			productType = "com.apple.product-type.application";
		};
		25FE9C4D1FEA5FDE00437BD6 /* VirtualNurseTests */ = {
			isa = PBXNativeTarget;
			buildConfigurationList = 25FE9C651FEA5FDE00437BD6 /* Build configuration list for PBXNativeTarget "VirtualNurseTests" */;
			buildPhases = (
				C65B344190AF4C22F013B853 /* [CP] Check Pods Manifest.lock */,
				25FE9C4A1FEA5FDE00437BD6 /* Sources */,
				25FE9C4B1FEA5FDE00437BD6 /* Frameworks */,
				25FE9C4C1FEA5FDE00437BD6 /* Resources */,
				8D117B44739B5B4C6470460E /* [CP] Embed Pods Frameworks */,
				504FCCF23EC13B9364A2B6AF /* [CP] Copy Pods Resources */,
			);
			buildRules = (
			);
			dependencies = (
				25FE9C501FEA5FDE00437BD6 /* PBXTargetDependency */,
			);
			name = VirtualNurseTests;
			productName = VirtualNurseTests;
			productReference = 25FE9C4E1FEA5FDE00437BD6 /* VirtualNurseTests.xctest */;
			productType = "com.apple.product-type.bundle.unit-test";
		};
		25FE9C581FEA5FDE00437BD6 /* VirtualNurseUITests */ = {
			isa = PBXNativeTarget;
			buildConfigurationList = 25FE9C681FEA5FDE00437BD6 /* Build configuration list for PBXNativeTarget "VirtualNurseUITests" */;
			buildPhases = (
				06C60F56F1A246321100AC50 /* [CP] Check Pods Manifest.lock */,
				25FE9C551FEA5FDE00437BD6 /* Sources */,
				25FE9C561FEA5FDE00437BD6 /* Frameworks */,
				25FE9C571FEA5FDE00437BD6 /* Resources */,
				78ADD82EB181BB33F55D645E /* [CP] Embed Pods Frameworks */,
				ED58F774BA9ED478A725C4BE /* [CP] Copy Pods Resources */,
			);
			buildRules = (
			);
			dependencies = (
				25FE9C5B1FEA5FDE00437BD6 /* PBXTargetDependency */,
			);
			name = VirtualNurseUITests;
			productName = VirtualNurseUITests;
			productReference = 25FE9C591FEA5FDE00437BD6 /* VirtualNurseUITests.xctest */;
			productType = "com.apple.product-type.bundle.ui-testing";
		};
/* End PBXNativeTarget section */

/* Begin PBXProject section */
		25FE9C321FEA5FDE00437BD6 /* Project object */ = {
			isa = PBXProject;
			attributes = {
				LastSwiftUpdateCheck = 0910;
				LastUpgradeCheck = 0910;
				ORGANIZATIONNAME = TeamSurvivor;
				TargetAttributes = {
					25FE9C391FEA5FDE00437BD6 = {
						CreatedOnToolsVersion = 9.1;
						LastSwiftMigration = 0920;
						ProvisioningStyle = Automatic;
						SystemCapabilities = {
							com.apple.HealthKit = {
								enabled = 1;
							};
						};
					};
					25FE9C4D1FEA5FDE00437BD6 = {
						CreatedOnToolsVersion = 9.1;
						ProvisioningStyle = Automatic;
						TestTargetID = 25FE9C391FEA5FDE00437BD6;
					};
					25FE9C581FEA5FDE00437BD6 = {
						CreatedOnToolsVersion = 9.1;
						ProvisioningStyle = Automatic;
						TestTargetID = 25FE9C391FEA5FDE00437BD6;
					};
				};
			};
			buildConfigurationList = 25FE9C351FEA5FDE00437BD6 /* Build configuration list for PBXProject "VirtualNurse" */;
			compatibilityVersion = "Xcode 8.0";
			developmentRegion = en;
			hasScannedForEncodings = 0;
			knownRegions = (
				en,
				Base,
			);
			mainGroup = 25FE9C311FEA5FDE00437BD6;
			productRefGroup = 25FE9C3B1FEA5FDE00437BD6 /* Products */;
			projectDirPath = "";
			projectRoot = "";
			targets = (
				25FE9C391FEA5FDE00437BD6 /* VirtualNurse */,
				25FE9C4D1FEA5FDE00437BD6 /* VirtualNurseTests */,
				25FE9C581FEA5FDE00437BD6 /* VirtualNurseUITests */,
			);
		};
/* End PBXProject section */

/* Begin PBXResourcesBuildPhase section */
		25FE9C381FEA5FDE00437BD6 /* Resources */ = {
			isa = PBXResourcesBuildPhase;
			buildActionMask = 2147483647;
			files = (
				5B37646420185CD400069BAF /* CustomVisionDetails.rtf in Resources */,
				5B37647020185CD400069BAF /* MonitoringStoryboard.storyboard in Resources */,
				25FE9C871FEA704800437BD6 /* HomeDashboard.storyboard in Resources */,
				5B412F9B2021D3DB0001C3F7 /* ViewAppointmentStoryboard.storyboard in Resources */,
				5B412F882021A8270001C3F7 /* MedicationStoryboard.storyboard in Resources */,
				25FE9C481FEA5FDE00437BD6 /* LaunchScreen.storyboard in Resources */,
				25FE9C451FEA5FDE00437BD6 /* Assets.xcassets in Resources */,
				25FE9C431FEA5FDE00437BD6 /* Main.storyboard in Resources */,
				25D2F6DA1FED01640075ACBD /* VNStoryboard.storyboard in Resources */,
				5B412FA22021D3DB0001C3F7 /* CreateAppointmentStoryboard.storyboard in Resources */,
			);
			runOnlyForDeploymentPostprocessing = 0;
		};
		25FE9C4C1FEA5FDE00437BD6 /* Resources */ = {
			isa = PBXResourcesBuildPhase;
			buildActionMask = 2147483647;
			files = (
			);
			runOnlyForDeploymentPostprocessing = 0;
		};
		25FE9C571FEA5FDE00437BD6 /* Resources */ = {
			isa = PBXResourcesBuildPhase;
			buildActionMask = 2147483647;
			files = (
			);
			runOnlyForDeploymentPostprocessing = 0;
		};
/* End PBXResourcesBuildPhase section */

/* Begin PBXShellScriptBuildPhase section */
		06C60F56F1A246321100AC50 /* [CP] Check Pods Manifest.lock */ = {
			isa = PBXShellScriptBuildPhase;
			buildActionMask = 2147483647;
			files = (
			);
			inputPaths = (
				"${PODS_PODFILE_DIR_PATH}/Podfile.lock",
				"${PODS_ROOT}/Manifest.lock",
			);
			name = "[CP] Check Pods Manifest.lock";
			outputPaths = (
				"$(DERIVED_FILE_DIR)/Pods-VirtualNurseUITests-checkManifestLockResult.txt",
			);
			runOnlyForDeploymentPostprocessing = 0;
			shellPath = /bin/sh;
			shellScript = "diff \"${PODS_PODFILE_DIR_PATH}/Podfile.lock\" \"${PODS_ROOT}/Manifest.lock\" > /dev/null\nif [ $? != 0 ] ; then\n    # print error to STDERR\n    echo \"error: The sandbox is not in sync with the Podfile.lock. Run 'pod install' or update your CocoaPods installation.\" >&2\n    exit 1\nfi\n# This output is used by Xcode 'outputs' to avoid re-running this script phase.\necho \"SUCCESS\" > \"${SCRIPT_OUTPUT_FILE_0}\"\n";
			showEnvVarsInLog = 0;
		};
		504FCCF23EC13B9364A2B6AF /* [CP] Copy Pods Resources */ = {
			isa = PBXShellScriptBuildPhase;
			buildActionMask = 2147483647;
			files = (
			);
			inputPaths = (
			);
			name = "[CP] Copy Pods Resources";
			outputPaths = (
			);
			runOnlyForDeploymentPostprocessing = 0;
			shellPath = /bin/sh;
			shellScript = "\"${SRCROOT}/Pods/Target Support Files/Pods-VirtualNurseTests/Pods-VirtualNurseTests-resources.sh\"\n";
			showEnvVarsInLog = 0;
		};
		6F5B64D89FE6DB783300E1E2 /* [CP] Copy Pods Resources */ = {
			isa = PBXShellScriptBuildPhase;
			buildActionMask = 2147483647;
			files = (
			);
			inputPaths = (
			);
			name = "[CP] Copy Pods Resources";
			outputPaths = (
			);
			runOnlyForDeploymentPostprocessing = 0;
			shellPath = /bin/sh;
			shellScript = "\"${SRCROOT}/Pods/Target Support Files/Pods-VirtualNurse/Pods-VirtualNurse-resources.sh\"\n";
			showEnvVarsInLog = 0;
		};
		781D3CDEE46B9FEDE7CCEE69 /* [CP] Embed Pods Frameworks */ = {
			isa = PBXShellScriptBuildPhase;
			buildActionMask = 2147483647;
			files = (
			);
			inputPaths = (
				"${SRCROOT}/Pods/Target Support Files/Pods-VirtualNurse/Pods-VirtualNurse-frameworks.sh",
				"${BUILT_PRODUCTS_DIR}/Alamofire/Alamofire.framework",
				"${BUILT_PRODUCTS_DIR}/FSCalendar/FSCalendar.framework",
				"${BUILT_PRODUCTS_DIR}/MessageKit/MessageKit.framework",
				"${BUILT_PRODUCTS_DIR}/Socket.IO-Client-Swift/SocketIO.framework",
				"${BUILT_PRODUCTS_DIR}/SocketRocket/SocketRocket.framework",
				"${BUILT_PRODUCTS_DIR}/Starscream/Starscream.framework",
				"${BUILT_PRODUCTS_DIR}/TextFieldEffects/TextFieldEffects.framework",
				"${BUILT_PRODUCTS_DIR}/fluid-slider/fluid_slider.framework",
				"${BUILT_PRODUCTS_DIR}/pop/pop.framework",
				"${BUILT_PRODUCTS_DIR}/tema-ios-ntp/tema_ios_ntp.framework",
			);
			name = "[CP] Embed Pods Frameworks";
			outputPaths = (
				"${TARGET_BUILD_DIR}/${FRAMEWORKS_FOLDER_PATH}/Alamofire.framework",
				"${TARGET_BUILD_DIR}/${FRAMEWORKS_FOLDER_PATH}/FSCalendar.framework",
				"${TARGET_BUILD_DIR}/${FRAMEWORKS_FOLDER_PATH}/MessageKit.framework",
				"${TARGET_BUILD_DIR}/${FRAMEWORKS_FOLDER_PATH}/SocketIO.framework",
				"${TARGET_BUILD_DIR}/${FRAMEWORKS_FOLDER_PATH}/SocketRocket.framework",
				"${TARGET_BUILD_DIR}/${FRAMEWORKS_FOLDER_PATH}/Starscream.framework",
				"${TARGET_BUILD_DIR}/${FRAMEWORKS_FOLDER_PATH}/TextFieldEffects.framework",
				"${TARGET_BUILD_DIR}/${FRAMEWORKS_FOLDER_PATH}/fluid_slider.framework",
				"${TARGET_BUILD_DIR}/${FRAMEWORKS_FOLDER_PATH}/pop.framework",
				"${TARGET_BUILD_DIR}/${FRAMEWORKS_FOLDER_PATH}/tema_ios_ntp.framework",
			);
			runOnlyForDeploymentPostprocessing = 0;
			shellPath = /bin/sh;
			shellScript = "\"${SRCROOT}/Pods/Target Support Files/Pods-VirtualNurse/Pods-VirtualNurse-frameworks.sh\"\n";
			showEnvVarsInLog = 0;
		};
		78ADD82EB181BB33F55D645E /* [CP] Embed Pods Frameworks */ = {
			isa = PBXShellScriptBuildPhase;
			buildActionMask = 2147483647;
			files = (
			);
			inputPaths = (
			);
			name = "[CP] Embed Pods Frameworks";
			outputPaths = (
			);
			runOnlyForDeploymentPostprocessing = 0;
			shellPath = /bin/sh;
			shellScript = "\"${SRCROOT}/Pods/Target Support Files/Pods-VirtualNurseUITests/Pods-VirtualNurseUITests-frameworks.sh\"\n";
			showEnvVarsInLog = 0;
		};
		8D117B44739B5B4C6470460E /* [CP] Embed Pods Frameworks */ = {
			isa = PBXShellScriptBuildPhase;
			buildActionMask = 2147483647;
			files = (
			);
			inputPaths = (
			);
			name = "[CP] Embed Pods Frameworks";
			outputPaths = (
			);
			runOnlyForDeploymentPostprocessing = 0;
			shellPath = /bin/sh;
			shellScript = "\"${SRCROOT}/Pods/Target Support Files/Pods-VirtualNurseTests/Pods-VirtualNurseTests-frameworks.sh\"\n";
			showEnvVarsInLog = 0;
		};
		9C64E1CB485FA26D660299C3 /* [CP] Check Pods Manifest.lock */ = {
			isa = PBXShellScriptBuildPhase;
			buildActionMask = 2147483647;
			files = (
			);
			inputPaths = (
				"${PODS_PODFILE_DIR_PATH}/Podfile.lock",
				"${PODS_ROOT}/Manifest.lock",
			);
			name = "[CP] Check Pods Manifest.lock";
			outputPaths = (
				"$(DERIVED_FILE_DIR)/Pods-VirtualNurse-checkManifestLockResult.txt",
			);
			runOnlyForDeploymentPostprocessing = 0;
			shellPath = /bin/sh;
			shellScript = "diff \"${PODS_PODFILE_DIR_PATH}/Podfile.lock\" \"${PODS_ROOT}/Manifest.lock\" > /dev/null\nif [ $? != 0 ] ; then\n    # print error to STDERR\n    echo \"error: The sandbox is not in sync with the Podfile.lock. Run 'pod install' or update your CocoaPods installation.\" >&2\n    exit 1\nfi\n# This output is used by Xcode 'outputs' to avoid re-running this script phase.\necho \"SUCCESS\" > \"${SCRIPT_OUTPUT_FILE_0}\"\n";
			showEnvVarsInLog = 0;
		};
		C65B344190AF4C22F013B853 /* [CP] Check Pods Manifest.lock */ = {
			isa = PBXShellScriptBuildPhase;
			buildActionMask = 2147483647;
			files = (
			);
			inputPaths = (
				"${PODS_PODFILE_DIR_PATH}/Podfile.lock",
				"${PODS_ROOT}/Manifest.lock",
			);
			name = "[CP] Check Pods Manifest.lock";
			outputPaths = (
				"$(DERIVED_FILE_DIR)/Pods-VirtualNurseTests-checkManifestLockResult.txt",
			);
			runOnlyForDeploymentPostprocessing = 0;
			shellPath = /bin/sh;
			shellScript = "diff \"${PODS_PODFILE_DIR_PATH}/Podfile.lock\" \"${PODS_ROOT}/Manifest.lock\" > /dev/null\nif [ $? != 0 ] ; then\n    # print error to STDERR\n    echo \"error: The sandbox is not in sync with the Podfile.lock. Run 'pod install' or update your CocoaPods installation.\" >&2\n    exit 1\nfi\n# This output is used by Xcode 'outputs' to avoid re-running this script phase.\necho \"SUCCESS\" > \"${SCRIPT_OUTPUT_FILE_0}\"\n";
			showEnvVarsInLog = 0;
		};
		ED58F774BA9ED478A725C4BE /* [CP] Copy Pods Resources */ = {
			isa = PBXShellScriptBuildPhase;
			buildActionMask = 2147483647;
			files = (
			);
			inputPaths = (
			);
			name = "[CP] Copy Pods Resources";
			outputPaths = (
			);
			runOnlyForDeploymentPostprocessing = 0;
			shellPath = /bin/sh;
			shellScript = "\"${SRCROOT}/Pods/Target Support Files/Pods-VirtualNurseUITests/Pods-VirtualNurseUITests-resources.sh\"\n";
			showEnvVarsInLog = 0;
		};
/* End PBXShellScriptBuildPhase section */

/* Begin PBXSourcesBuildPhase section */
		25FE9C361FEA5FDE00437BD6 /* Sources */ = {
			isa = PBXSourcesBuildPhase;
			buildActionMask = 2147483647;
			files = (
				25FE9C841FEA6C6800437BD6 /* LoginViewController.swift in Sources */,
				5B37647620185CD400069BAF /* HeartRateViewController.swift in Sources */,
				25FE9C891FEA706A00437BD6 /* HomeDashboardViewController.swift in Sources */,
				5B412F9E2021D3DB0001C3F7 /* ViewAppointmentViewController.swift in Sources */,
				1DDC6BA8201FA7EA0010A16B /* LineChart.swift in Sources */,
				5B37646620185CD400069BAF /* ScanVC.swift in Sources */,
				5B412FA32021D3DB0001C3F7 /* showAppointmentDetailsViewController.swift in Sources */,
				5B37646F20185CD400069BAF /* MonitoringController.swift in Sources */,
				25A58EEE201597C80084BDBB /* LoginTextFieldEffect.swift in Sources */,
				5B37649020185D3200069BAF /* AppointmentModel.swift in Sources */,
				25FE9C7A1FEA604D00437BD6 /* Intent.swift in Sources */,
				25A58EEA2014D87F0084BDBB /* TouchIDAuthentication.swift in Sources */,
				5B37647520185CD400069BAF /* BloodPressureViewController.swift in Sources */,
				1D2280F72018442B00AB75BD /* HomeDashboardCollectionViewCell.swift in Sources */,
				5B37648B20185D3200069BAF /* PatientDataManager.swift in Sources */,
				5B37647320185CD400069BAF /* CholesterolViewController.swift in Sources */,
				25FE9C3E1FEA5FDE00437BD6 /* AppDelegate.swift in Sources */,
				252120952005AE970048F66B /* AppointmentDialog.swift in Sources */,
				5B37647720185CD400069BAF /* GlucoseViewController.swift in Sources */,
				5B37646320185CD400069BAF /* CustomVisionService.swift in Sources */,
				5B37648D20185D3200069BAF /* AppointmentDataManager.swift in Sources */,
				25725CAB1FFE4C820006ACB2 /* DialogController.swift in Sources */,
				5B412F862021A7BD0001C3F7 /* reminderDetailVC.swift in Sources */,
				5B37646920185CD400069BAF /* MonitoringCollectionViewCell.swift in Sources */,
				5B412F9D2021D3DB0001C3F7 /* ViewAppointmentCollectionViewCell.swift in Sources */,
				5B37649120185D3200069BAF /* Patient.swift in Sources */,
				25B007762020673700D9A253 /* MedicationDialog.swift in Sources */,
				2587DB631FF2386800FB3C23 /* ChatViewController.swift in Sources */,
				5B37648A20185D3200069BAF /* MonitoringDataManager.swift in Sources */,
				5B37649420185D3200069BAF /* MockMessage.swift in Sources */,
				5B37646C20185CD400069BAF /* MonitoringDashboardCollectionViewCell.swift in Sources */,
				25A58EEC2015979E0084BDBB /* TextFieldEffects.swift in Sources */,
				5B412F842021A7BD0001C3F7 /* reminderCustomCell.swift in Sources */,
				5B37646020185CD400069BAF /* medicineDetailController.swift in Sources */,
				5B37648F20185D3200069BAF /* MedicineModel.swift in Sources */,
				25B007712020532700D9A253 /* PromptChatView.swift in Sources */,
				5B37647220185CD400069BAF /* BMIViewController.swift in Sources */,
				25F9A10920020B7300A98511 /* DesignableLoginField.swift in Sources */,
				25FE9C7C1FEA604D00437BD6 /* HTTP.swift in Sources */,
				5B412FA12021D3DB0001C3F7 /* BridgingHeader.m in Sources */,
				1DDC6BA4201F99270010A16B /* MonitoringChartsViewController.swift in Sources */,
				5B37648C20185D3200069BAF /* MedicineDataManager.swift in Sources */,
				5B37646520185CD400069BAF /* CustomVisionResult.swift in Sources */,
				5B412F852021A7BD0001C3F7 /* reminderViewTableViewController.swift in Sources */,
				25B00778202071F700D9A253 /* Entity.swift in Sources */,
				25A979982018B18500120006 /* MicrosoftTranslatorHelper.swift in Sources */,
				5B412FA42021D3DB0001C3F7 /* modelPopupDesign.swift in Sources */,
				5B37647120185CD400069BAF /* ViewTodayResultsViewController.swift in Sources */,
				2587DB6B1FF29C0300FB3C23 /* ChatNavigationViewController.swift in Sources */,
				5B37649220185D3200069BAF /* DoctorModel.swift in Sources */,
				5B412FA02021D3DB0001C3F7 /* doctorViewController.swift in Sources */,
				5B37646A20185CD400069BAF /* MonitoringViewController.swift in Sources */,
				256B3E5C201E1FDE001FCF73 /* ConversationStack.swift in Sources */,
				2587DB691FF260F800FB3C23 /* MicButton.swift in Sources */,
				5B37649520185D3200069BAF /* Monitoring.swift in Sources */,
				5B37649320185D3200069BAF /* User.swift in Sources */,
				5B412F7E2021A5DD0001C3F7 /* ReminderModel.swift in Sources */,
				5B37646820185CD400069BAF /* ViewTodayResultsCollectionViewCell.swift in Sources */,
				25FE9C7B1FEA604D00437BD6 /* SwiftyJSON.swift in Sources */,
				5B412F802021A7470001C3F7 /* LoadingIndicatorView copy.swift in Sources */,
				25B007742020672900D9A253 /* MonitoringDialog.swift in Sources */,
				5B37646120185CD400069BAF /* MedicineViewController.swift in Sources */,
				2521209120059FAF0048F66B /* Dialog.swift in Sources */,
				5B412FA52021D3DB0001C3F7 /* showUpdateAppointmentDetailsViewController.swift in Sources */,
				25D3F0AA201EFA0E0036EE3D /* ErrorDialog.swift in Sources */,
				5B37648820185D3200069BAF /* RestfulManager.swift in Sources */,
				5B37647420185CD400069BAF /* CigaretteViewController.swift in Sources */,
				5B412F9A2021D3DB0001C3F7 /* UpdateAppointmentViewController.swift in Sources */,
				5B412F992021D3DB0001C3F7 /* CreateAppointmentViewController.swift in Sources */,
				5B37648920185D3200069BAF /* UserDataManager.swift in Sources */,
				25725CA91FFE48C20006ACB2 /* PatientDialog.swift in Sources */,
				254D38CC2002174A00B2B991 /* DesignableFloatingChatButton.swift in Sources */,
				254D38CE2002249D00B2B991 /* FDSoundActivatedRecorder.swift in Sources */,
				25A58EE82014D84D0084BDBB /* KeychainPasswordItem.swift in Sources */,
				5B412F9C2021D3DB0001C3F7 /* Appointment.swift in Sources */,
				1DDC6BA6201F9A290010A16B /* MonitoringChartsCollectionViewCell.swift in Sources */,
				5B37648E20185D3200069BAF /* LUISDataManager.swift in Sources */,
				256B3E5A201E0449001FCF73 /* MicButtonStyles.swift in Sources */,
				5B37646E20185CD400069BAF /* framingham.mlmodel in Sources */,
				25E2BF79201A191700D9A587 /* ChatSettingsViewController.swift in Sources */,
				5B37646B20185CD400069BAF /* MonitoringDashboardViewController.swift in Sources */,
				5B37646D20185CD400069BAF /* helperClass.swift in Sources */,
				254881F31FF4E1DF00B73C40 /* SpeechToTextHelper.swift in Sources */,
				5B412F9F2021D3DB0001C3F7 /* CreateCollectionViewCell.swift in Sources */,
			);
			runOnlyForDeploymentPostprocessing = 0;
		};
		25FE9C4A1FEA5FDE00437BD6 /* Sources */ = {
			isa = PBXSourcesBuildPhase;
			buildActionMask = 2147483647;
			files = (
				25FE9C531FEA5FDE00437BD6 /* VirtualNurseTests.swift in Sources */,
			);
			runOnlyForDeploymentPostprocessing = 0;
		};
		25FE9C551FEA5FDE00437BD6 /* Sources */ = {
			isa = PBXSourcesBuildPhase;
			buildActionMask = 2147483647;
			files = (
				25FE9C5E1FEA5FDE00437BD6 /* VirtualNurseUITests.swift in Sources */,
			);
			runOnlyForDeploymentPostprocessing = 0;
		};
/* End PBXSourcesBuildPhase section */

/* Begin PBXTargetDependency section */
		25FE9C501FEA5FDE00437BD6 /* PBXTargetDependency */ = {
			isa = PBXTargetDependency;
			target = 25FE9C391FEA5FDE00437BD6 /* VirtualNurse */;
			targetProxy = 25FE9C4F1FEA5FDE00437BD6 /* PBXContainerItemProxy */;
		};
		25FE9C5B1FEA5FDE00437BD6 /* PBXTargetDependency */ = {
			isa = PBXTargetDependency;
			target = 25FE9C391FEA5FDE00437BD6 /* VirtualNurse */;
			targetProxy = 25FE9C5A1FEA5FDE00437BD6 /* PBXContainerItemProxy */;
		};
/* End PBXTargetDependency section */

/* Begin PBXVariantGroup section */
		25FE9C411FEA5FDE00437BD6 /* Main.storyboard */ = {
			isa = PBXVariantGroup;
			children = (
				25FE9C421FEA5FDE00437BD6 /* Base */,
			);
			name = Main.storyboard;
			sourceTree = "<group>";
		};
		25FE9C461FEA5FDE00437BD6 /* LaunchScreen.storyboard */ = {
			isa = PBXVariantGroup;
			children = (
				25FE9C471FEA5FDE00437BD6 /* Base */,
			);
			name = LaunchScreen.storyboard;
			sourceTree = "<group>";
		};
/* End PBXVariantGroup section */

/* Begin XCBuildConfiguration section */
		25FE9C601FEA5FDE00437BD6 /* Debug */ = {
			isa = XCBuildConfiguration;
			buildSettings = {
				ALWAYS_SEARCH_USER_PATHS = NO;
				CLANG_ANALYZER_NONNULL = YES;
				CLANG_ANALYZER_NUMBER_OBJECT_CONVERSION = YES_AGGRESSIVE;
				CLANG_CXX_LANGUAGE_STANDARD = "gnu++14";
				CLANG_CXX_LIBRARY = "libc++";
				CLANG_ENABLE_MODULES = YES;
				CLANG_ENABLE_OBJC_ARC = YES;
				CLANG_WARN_BLOCK_CAPTURE_AUTORELEASING = YES;
				CLANG_WARN_BOOL_CONVERSION = YES;
				CLANG_WARN_COMMA = YES;
				CLANG_WARN_CONSTANT_CONVERSION = YES;
				CLANG_WARN_DIRECT_OBJC_ISA_USAGE = YES_ERROR;
				CLANG_WARN_DOCUMENTATION_COMMENTS = YES;
				CLANG_WARN_EMPTY_BODY = YES;
				CLANG_WARN_ENUM_CONVERSION = YES;
				CLANG_WARN_INFINITE_RECURSION = YES;
				CLANG_WARN_INT_CONVERSION = YES;
				CLANG_WARN_NON_LITERAL_NULL_CONVERSION = YES;
				CLANG_WARN_OBJC_LITERAL_CONVERSION = YES;
				CLANG_WARN_OBJC_ROOT_CLASS = YES_ERROR;
				CLANG_WARN_RANGE_LOOP_ANALYSIS = YES;
				CLANG_WARN_STRICT_PROTOTYPES = YES;
				CLANG_WARN_SUSPICIOUS_MOVE = YES;
				CLANG_WARN_UNGUARDED_AVAILABILITY = YES_AGGRESSIVE;
				CLANG_WARN_UNREACHABLE_CODE = YES;
				CLANG_WARN__DUPLICATE_METHOD_MATCH = YES;
				CODE_SIGN_IDENTITY = "iPhone Developer";
				COPY_PHASE_STRIP = NO;
				DEBUG_INFORMATION_FORMAT = dwarf;
				ENABLE_STRICT_OBJC_MSGSEND = YES;
				ENABLE_TESTABILITY = YES;
				GCC_C_LANGUAGE_STANDARD = gnu11;
				GCC_DYNAMIC_NO_PIC = NO;
				GCC_NO_COMMON_BLOCKS = YES;
				GCC_OPTIMIZATION_LEVEL = 0;
				GCC_PREPROCESSOR_DEFINITIONS = (
					"DEBUG=1",
					"$(inherited)",
				);
				GCC_WARN_64_TO_32_BIT_CONVERSION = YES;
				GCC_WARN_ABOUT_RETURN_TYPE = YES_ERROR;
				GCC_WARN_UNDECLARED_SELECTOR = YES;
				GCC_WARN_UNINITIALIZED_AUTOS = YES_AGGRESSIVE;
				GCC_WARN_UNUSED_FUNCTION = YES;
				GCC_WARN_UNUSED_VARIABLE = YES;
				IPHONEOS_DEPLOYMENT_TARGET = 11.1;
				MTL_ENABLE_DEBUG_INFO = YES;
				ONLY_ACTIVE_ARCH = YES;
				SDKROOT = iphoneos;
				SWIFT_ACTIVE_COMPILATION_CONDITIONS = DEBUG;
				SWIFT_OPTIMIZATION_LEVEL = "-Onone";
			};
			name = Debug;
		};
		25FE9C611FEA5FDE00437BD6 /* Release */ = {
			isa = XCBuildConfiguration;
			buildSettings = {
				ALWAYS_SEARCH_USER_PATHS = NO;
				CLANG_ANALYZER_NONNULL = YES;
				CLANG_ANALYZER_NUMBER_OBJECT_CONVERSION = YES_AGGRESSIVE;
				CLANG_CXX_LANGUAGE_STANDARD = "gnu++14";
				CLANG_CXX_LIBRARY = "libc++";
				CLANG_ENABLE_MODULES = YES;
				CLANG_ENABLE_OBJC_ARC = YES;
				CLANG_WARN_BLOCK_CAPTURE_AUTORELEASING = YES;
				CLANG_WARN_BOOL_CONVERSION = YES;
				CLANG_WARN_COMMA = YES;
				CLANG_WARN_CONSTANT_CONVERSION = YES;
				CLANG_WARN_DIRECT_OBJC_ISA_USAGE = YES_ERROR;
				CLANG_WARN_DOCUMENTATION_COMMENTS = YES;
				CLANG_WARN_EMPTY_BODY = YES;
				CLANG_WARN_ENUM_CONVERSION = YES;
				CLANG_WARN_INFINITE_RECURSION = YES;
				CLANG_WARN_INT_CONVERSION = YES;
				CLANG_WARN_NON_LITERAL_NULL_CONVERSION = YES;
				CLANG_WARN_OBJC_LITERAL_CONVERSION = YES;
				CLANG_WARN_OBJC_ROOT_CLASS = YES_ERROR;
				CLANG_WARN_RANGE_LOOP_ANALYSIS = YES;
				CLANG_WARN_STRICT_PROTOTYPES = YES;
				CLANG_WARN_SUSPICIOUS_MOVE = YES;
				CLANG_WARN_UNGUARDED_AVAILABILITY = YES_AGGRESSIVE;
				CLANG_WARN_UNREACHABLE_CODE = YES;
				CLANG_WARN__DUPLICATE_METHOD_MATCH = YES;
				CODE_SIGN_IDENTITY = "iPhone Developer";
				COPY_PHASE_STRIP = NO;
				DEBUG_INFORMATION_FORMAT = "dwarf-with-dsym";
				ENABLE_NS_ASSERTIONS = NO;
				ENABLE_STRICT_OBJC_MSGSEND = YES;
				GCC_C_LANGUAGE_STANDARD = gnu11;
				GCC_NO_COMMON_BLOCKS = YES;
				GCC_WARN_64_TO_32_BIT_CONVERSION = YES;
				GCC_WARN_ABOUT_RETURN_TYPE = YES_ERROR;
				GCC_WARN_UNDECLARED_SELECTOR = YES;
				GCC_WARN_UNINITIALIZED_AUTOS = YES_AGGRESSIVE;
				GCC_WARN_UNUSED_FUNCTION = YES;
				GCC_WARN_UNUSED_VARIABLE = YES;
				IPHONEOS_DEPLOYMENT_TARGET = 11.1;
				MTL_ENABLE_DEBUG_INFO = NO;
				SDKROOT = iphoneos;
				SWIFT_OPTIMIZATION_LEVEL = "-Owholemodule";
				VALIDATE_PRODUCT = YES;
			};
			name = Release;
		};
		25FE9C631FEA5FDE00437BD6 /* Debug */ = {
			isa = XCBuildConfiguration;
			baseConfigurationReference = 38981DAED48FE0AEEAC0DB9A /* Pods-VirtualNurse.debug.xcconfig */;
			buildSettings = {
				ASSETCATALOG_COMPILER_APPICON_NAME = AppIcon;
				CLANG_ENABLE_MODULES = YES;
				CODE_SIGN_ENTITLEMENTS = VirtualNurse/VirtualNurse.entitlements;
				CODE_SIGN_STYLE = Automatic;
				DEVELOPMENT_TEAM = 87XKK97E72;
				ENABLE_BITCODE = NO;
				INFOPLIST_FILE = VirtualNurse/Info.plist;
				IPHONEOS_DEPLOYMENT_TARGET = 11.0;
				LD_RUNPATH_SEARCH_PATHS = "$(inherited) @executable_path/Frameworks";
				PRODUCT_BUNDLE_IDENTIFIER = com.SurvivorNarrendran.VirtualNurse;
				PRODUCT_NAME = "$(TARGET_NAME)";
				SWIFT_OPTIMIZATION_LEVEL = "-Onone";
				SWIFT_VERSION = 4.0;
				TARGETED_DEVICE_FAMILY = "1,2";
			};
			name = Debug;
		};
		25FE9C641FEA5FDE00437BD6 /* Release */ = {
			isa = XCBuildConfiguration;
			baseConfigurationReference = D9652F0A6B84970B7448641D /* Pods-VirtualNurse.release.xcconfig */;
			buildSettings = {
				ASSETCATALOG_COMPILER_APPICON_NAME = AppIcon;
				CLANG_ENABLE_MODULES = YES;
				CODE_SIGN_ENTITLEMENTS = VirtualNurse/VirtualNurse.entitlements;
				CODE_SIGN_STYLE = Automatic;
				DEVELOPMENT_TEAM = 87XKK97E72;
				ENABLE_BITCODE = NO;
				INFOPLIST_FILE = VirtualNurse/Info.plist;
				IPHONEOS_DEPLOYMENT_TARGET = 11.0;
				LD_RUNPATH_SEARCH_PATHS = "$(inherited) @executable_path/Frameworks";
				PRODUCT_BUNDLE_IDENTIFIER = com.SurvivorNarrendran.VirtualNurse;
				PRODUCT_NAME = "$(TARGET_NAME)";
				SWIFT_VERSION = 4.0;
				TARGETED_DEVICE_FAMILY = "1,2";
			};
			name = Release;
		};
		25FE9C661FEA5FDE00437BD6 /* Debug */ = {
			isa = XCBuildConfiguration;
			baseConfigurationReference = B47553265F57198EB41746F7 /* Pods-VirtualNurseTests.debug.xcconfig */;
			buildSettings = {
				ALWAYS_EMBED_SWIFT_STANDARD_LIBRARIES = YES;
				BUNDLE_LOADER = "$(TEST_HOST)";
				CODE_SIGN_STYLE = Automatic;
				DEVELOPMENT_TEAM = MZ483TW92Y;
				INFOPLIST_FILE = VirtualNurseTests/Info.plist;
				LD_RUNPATH_SEARCH_PATHS = "$(inherited) @executable_path/Frameworks @loader_path/Frameworks";
				PRODUCT_BUNDLE_IDENTIFIER = com.SurvivorPawandeep.VirtualNurseTests;
				PRODUCT_NAME = "$(TARGET_NAME)";
				SWIFT_VERSION = 4.0;
				TARGETED_DEVICE_FAMILY = "1,2";
				TEST_HOST = "$(BUILT_PRODUCTS_DIR)/VirtualNurse.app/VirtualNurse";
			};
			name = Debug;
		};
		25FE9C671FEA5FDE00437BD6 /* Release */ = {
			isa = XCBuildConfiguration;
			baseConfigurationReference = A34399E8B651217DC992D609 /* Pods-VirtualNurseTests.release.xcconfig */;
			buildSettings = {
				ALWAYS_EMBED_SWIFT_STANDARD_LIBRARIES = YES;
				BUNDLE_LOADER = "$(TEST_HOST)";
				CODE_SIGN_STYLE = Automatic;
				DEVELOPMENT_TEAM = MZ483TW92Y;
				INFOPLIST_FILE = VirtualNurseTests/Info.plist;
				LD_RUNPATH_SEARCH_PATHS = "$(inherited) @executable_path/Frameworks @loader_path/Frameworks";
				PRODUCT_BUNDLE_IDENTIFIER = com.SurvivorPawandeep.VirtualNurseTests;
				PRODUCT_NAME = "$(TARGET_NAME)";
				SWIFT_VERSION = 4.0;
				TARGETED_DEVICE_FAMILY = "1,2";
				TEST_HOST = "$(BUILT_PRODUCTS_DIR)/VirtualNurse.app/VirtualNurse";
			};
			name = Release;
		};
		25FE9C691FEA5FDE00437BD6 /* Debug */ = {
			isa = XCBuildConfiguration;
			baseConfigurationReference = 05EC101D574FE10F1C0565D9 /* Pods-VirtualNurseUITests.debug.xcconfig */;
			buildSettings = {
				ALWAYS_EMBED_SWIFT_STANDARD_LIBRARIES = YES;
				CODE_SIGN_STYLE = Automatic;
				DEVELOPMENT_TEAM = MZ483TW92Y;
				INFOPLIST_FILE = VirtualNurseUITests/Info.plist;
				LD_RUNPATH_SEARCH_PATHS = "$(inherited) @executable_path/Frameworks @loader_path/Frameworks";
				PRODUCT_BUNDLE_IDENTIFIER = com.SurvivorPawandeep.VirtualNurseUITests;
				PRODUCT_NAME = "$(TARGET_NAME)";
				SWIFT_VERSION = 4.0;
				TARGETED_DEVICE_FAMILY = "1,2";
				TEST_TARGET_NAME = VirtualNurse;
			};
			name = Debug;
		};
		25FE9C6A1FEA5FDE00437BD6 /* Release */ = {
			isa = XCBuildConfiguration;
			baseConfigurationReference = E397B68CFC51C3B7D64A0A97 /* Pods-VirtualNurseUITests.release.xcconfig */;
			buildSettings = {
				ALWAYS_EMBED_SWIFT_STANDARD_LIBRARIES = YES;
				CODE_SIGN_STYLE = Automatic;
				DEVELOPMENT_TEAM = MZ483TW92Y;
				INFOPLIST_FILE = VirtualNurseUITests/Info.plist;
				LD_RUNPATH_SEARCH_PATHS = "$(inherited) @executable_path/Frameworks @loader_path/Frameworks";
				PRODUCT_BUNDLE_IDENTIFIER = com.SurvivorPawandeep.VirtualNurseUITests;
				PRODUCT_NAME = "$(TARGET_NAME)";
				SWIFT_VERSION = 4.0;
				TARGETED_DEVICE_FAMILY = "1,2";
				TEST_TARGET_NAME = VirtualNurse;
			};
			name = Release;
		};
/* End XCBuildConfiguration section */

/* Begin XCConfigurationList section */
		25FE9C351FEA5FDE00437BD6 /* Build configuration list for PBXProject "VirtualNurse" */ = {
			isa = XCConfigurationList;
			buildConfigurations = (
				25FE9C601FEA5FDE00437BD6 /* Debug */,
				25FE9C611FEA5FDE00437BD6 /* Release */,
			);
			defaultConfigurationIsVisible = 0;
			defaultConfigurationName = Release;
		};
		25FE9C621FEA5FDE00437BD6 /* Build configuration list for PBXNativeTarget "VirtualNurse" */ = {
			isa = XCConfigurationList;
			buildConfigurations = (
				25FE9C631FEA5FDE00437BD6 /* Debug */,
				25FE9C641FEA5FDE00437BD6 /* Release */,
			);
			defaultConfigurationIsVisible = 0;
			defaultConfigurationName = Release;
		};
		25FE9C651FEA5FDE00437BD6 /* Build configuration list for PBXNativeTarget "VirtualNurseTests" */ = {
			isa = XCConfigurationList;
			buildConfigurations = (
				25FE9C661FEA5FDE00437BD6 /* Debug */,
				25FE9C671FEA5FDE00437BD6 /* Release */,
			);
			defaultConfigurationIsVisible = 0;
			defaultConfigurationName = Release;
		};
		25FE9C681FEA5FDE00437BD6 /* Build configuration list for PBXNativeTarget "VirtualNurseUITests" */ = {
			isa = XCConfigurationList;
			buildConfigurations = (
				25FE9C691FEA5FDE00437BD6 /* Debug */,
				25FE9C6A1FEA5FDE00437BD6 /* Release */,
			);
			defaultConfigurationIsVisible = 0;
			defaultConfigurationName = Release;
		};
/* End XCConfigurationList section */
	};
	rootObject = 25FE9C321FEA5FDE00437BD6 /* Project object */;
}
